// !$*UTF8*$!
{
	archiveVersion = 1;
	classes = {
	};
	objectVersion = 46;
	objects = {

/* Begin PBXBuildFile section */
		CE0B730C1C96C5B900009B6B /* Level6.sks in Resources */ = {isa = PBXBuildFile; fileRef = CE0B730B1C96C5B900009B6B /* Level6.sks */; };
		CE0B730E1C96E44A00009B6B /* PointNodeType.swift in Sources */ = {isa = PBXBuildFile; fileRef = CE0B730D1C96E44A00009B6B /* PointNodeType.swift */; };
		CE0C76F11C8BD4C3002CBF23 /* LevelSceneActiveState.swift in Sources */ = {isa = PBXBuildFile; fileRef = CE0C76F01C8BD4C3002CBF23 /* LevelSceneActiveState.swift */; };
		CE0C76F31C8BD4ED002CBF23 /* LevelSceneFailState.swift in Sources */ = {isa = PBXBuildFile; fileRef = CE0C76F21C8BD4ED002CBF23 /* LevelSceneFailState.swift */; };
		CE0C76F51C8BD54A002CBF23 /* LevelSceneSuccessState.swift in Sources */ = {isa = PBXBuildFile; fileRef = CE0C76F41C8BD54A002CBF23 /* LevelSceneSuccessState.swift */; };
		CE0C76F71C8C0E5A002CBF23 /* TranslationPoint.swift in Sources */ = {isa = PBXBuildFile; fileRef = CE0C76F61C8C0E5A002CBF23 /* TranslationPoint.swift */; };
		CE0C76F91C8C0EAE002CBF23 /* PointTranslatingState.swift in Sources */ = {isa = PBXBuildFile; fileRef = CE0C76F81C8C0EAE002CBF23 /* PointTranslatingState.swift */; };
		CE12AE151C85D76D00E876FF /* StaticPoint.swift in Sources */ = {isa = PBXBuildFile; fileRef = CE12AE141C85D76D00E876FF /* StaticPoint.swift */; };
		CE12AE171C85D80600E876FF /* PointLockedForeverState.swift in Sources */ = {isa = PBXBuildFile; fileRef = CE12AE161C85D80600E876FF /* PointLockedForeverState.swift */; };
		CE12AE1B1C85D99B00E876FF /* BasePointEntity.swift in Sources */ = {isa = PBXBuildFile; fileRef = CE12AE1A1C85D99B00E876FF /* BasePointEntity.swift */; };
		CE1627C91CACF9A90059DC89 /* Level+CoreDataProperties.swift in Sources */ = {isa = PBXBuildFile; fileRef = CE1627C51CACF9A90059DC89 /* Level+CoreDataProperties.swift */; };
		CE1627CA1CACF9A90059DC89 /* Level.swift in Sources */ = {isa = PBXBuildFile; fileRef = CE1627C61CACF9A90059DC89 /* Level.swift */; };
		CE1627CB1CACF9A90059DC89 /* Node+CoreDataProperties.swift in Sources */ = {isa = PBXBuildFile; fileRef = CE1627C71CACF9A90059DC89 /* Node+CoreDataProperties.swift */; };
		CE1627CC1CACF9A90059DC89 /* Node.swift in Sources */ = {isa = PBXBuildFile; fileRef = CE1627C81CACF9A90059DC89 /* Node.swift */; };
		CE1627CE1CACFAF10059DC89 /* NodeType.swift in Sources */ = {isa = PBXBuildFile; fileRef = CE1627CD1CACFAF10059DC89 /* NodeType.swift */; };
		CE1627D01CAD188D0059DC89 /* LevelEdirorScene.sks in Resources */ = {isa = PBXBuildFile; fileRef = CE1627CF1CAD188D0059DC89 /* LevelEdirorScene.sks */; };
		CE1627D21CAD47C20059DC89 /* DIYLevelsViewController.swift in Sources */ = {isa = PBXBuildFile; fileRef = CE1627D11CAD47C20059DC89 /* DIYLevelsViewController.swift */; };
		CE164FC71C7F2759005BD8EB /* MoveComponent.swift in Sources */ = {isa = PBXBuildFile; fileRef = CE164FC61C7F2759005BD8EB /* MoveComponent.swift */; };
		CE164FC91C7F32C0005BD8EB /* OrientationComponent.swift in Sources */ = {isa = PBXBuildFile; fileRef = CE164FC81C7F32C0005BD8EB /* OrientationComponent.swift */; };
		CE16AB941CAC356000A42545 /* CoreDataStack.swift in Sources */ = {isa = PBXBuildFile; fileRef = CE16AB931CAC356000A42545 /* CoreDataStack.swift */; };
		CE16AB9B1CAC38EA00A42545 /* LevelsData.xcdatamodeld in Sources */ = {isa = PBXBuildFile; fileRef = CE16AB991CAC38EA00A42545 /* LevelsData.xcdatamodeld */; };
		CE1B1E151C76F244000FDE5E /* BallNode.swift in Sources */ = {isa = PBXBuildFile; fileRef = CE1B1E141C76F244000FDE5E /* BallNode.swift */; };
		CE1B1E181C770964000FDE5E /* Level.sks in Resources */ = {isa = PBXBuildFile; fileRef = CE1B1E171C770964000FDE5E /* Level.sks */; };
		CE1E7A411CA29F0600BFD61B /* StartScene.swift in Sources */ = {isa = PBXBuildFile; fileRef = CE1E7A401CA29F0600BFD61B /* StartScene.swift */; };
		CE1E7A431CA2A00B00BFD61B /* StartScene.sks in Resources */ = {isa = PBXBuildFile; fileRef = CE1E7A421CA2A00B00BFD61B /* StartScene.sks */; };
		CE1E7A451CA2B81900BFD61B /* StartBallNode.swift in Sources */ = {isa = PBXBuildFile; fileRef = CE1E7A441CA2B81900BFD61B /* StartBallNode.swift */; };
		CE1E9AF91C8E85580012F3F8 /* TransferComponent.swift in Sources */ = {isa = PBXBuildFile; fileRef = CE1E9AF81C8E85580012F3F8 /* TransferComponent.swift */; };
		CE21F2631C95B20D00C39D58 /* Level7.sks in Resources */ = {isa = PBXBuildFile; fileRef = CE21F2621C95B20D00C39D58 /* Level7.sks */; };
		CE21F2651C95CEBE00C39D58 /* RotateCountComponent.swift in Sources */ = {isa = PBXBuildFile; fileRef = CE21F2641C95CEBE00C39D58 /* RotateCountComponent.swift */; };
		CE2776751C8FF68700B5FA7F /* ClockwiseComponent.swift in Sources */ = {isa = PBXBuildFile; fileRef = CE2776741C8FF68700B5FA7F /* ClockwiseComponent.swift */; };
		CE2776771C8FFE7D00B5FA7F /* ClockwiseRotationPoint.swift in Sources */ = {isa = PBXBuildFile; fileRef = CE2776761C8FFE7D00B5FA7F /* ClockwiseRotationPoint.swift */; };
		CE27767B1C9006E300B5FA7F /* ClockwiseRescritedRPoint.swift in Sources */ = {isa = PBXBuildFile; fileRef = CE27767A1C9006E300B5FA7F /* ClockwiseRescritedRPoint.swift */; };
		CE27767D1C90597900B5FA7F /* FreezableComponent.swift in Sources */ = {isa = PBXBuildFile; fileRef = CE27767C1C90597900B5FA7F /* FreezableComponent.swift */; };
		CE27767F1C90625200B5FA7F /* IceBallNode.swift in Sources */ = {isa = PBXBuildFile; fileRef = CE27767E1C90625200B5FA7F /* IceBallNode.swift */; };
		CE2776811C9065CE00B5FA7F /* FreezableProtocol.swift in Sources */ = {isa = PBXBuildFile; fileRef = CE2776801C9065CE00B5FA7F /* FreezableProtocol.swift */; };
		CE4BEA031C95670D004DCDB5 /* Level2.sks in Resources */ = {isa = PBXBuildFile; fileRef = CE4BEA021C95670D004DCDB5 /* Level2.sks */; };
		CE4BEA051C95886B004DCDB5 /* Level3.sks in Resources */ = {isa = PBXBuildFile; fileRef = CE4BEA041C95886B004DCDB5 /* Level3.sks */; };
		CE4BEA071C958DE5004DCDB5 /* Level4.sks in Resources */ = {isa = PBXBuildFile; fileRef = CE4BEA061C958DE5004DCDB5 /* Level4.sks */; };
		CE5203F61C97D06B000EA721 /* Level5.sks in Resources */ = {isa = PBXBuildFile; fileRef = CE5203F51C97D06B000EA721 /* Level5.sks */; };
		CE5244CF1CA00B16000DADF5 /* LevelEditPlayScene.swift in Sources */ = {isa = PBXBuildFile; fileRef = CE5244CE1CA00B16000DADF5 /* LevelEditPlayScene.swift */; };
		CE63145D1CA4075D00624822 /* ball_scaleDown.sks in Resources */ = {isa = PBXBuildFile; fileRef = CE63145C1CA4075D00624822 /* ball_scaleDown.sks */; };
		CE637FF81C8EEEDF005FB30D /* Transfer.swift in Sources */ = {isa = PBXBuildFile; fileRef = CE637FF71C8EEEDF005FB30D /* Transfer.swift */; };
		CE6576131C7A056700EA2348 /* TransferNode.swift in Sources */ = {isa = PBXBuildFile; fileRef = CE6576121C7A056700EA2348 /* TransferNode.swift */; };
		CE6643BD1C81889700A6F0D4 /* RelateComponent.swift in Sources */ = {isa = PBXBuildFile; fileRef = CE6643BC1C81889700A6F0D4 /* RelateComponent.swift */; };
		CE6643BF1C819E9500A6F0D4 /* IntelligenceComponent.swift in Sources */ = {isa = PBXBuildFile; fileRef = CE6643BE1C819E9500A6F0D4 /* IntelligenceComponent.swift */; };
		CE6643C11C81A05700A6F0D4 /* PointCheckingState.swift in Sources */ = {isa = PBXBuildFile; fileRef = CE6643C01C81A05700A6F0D4 /* PointCheckingState.swift */; };
		CE6643C41C81A14F00A6F0D4 /* PointLockedState.swift in Sources */ = {isa = PBXBuildFile; fileRef = CE6643C31C81A14F00A6F0D4 /* PointLockedState.swift */; };
		CE6643C61C81A17300A6F0D4 /* PointUnlockedState.swift in Sources */ = {isa = PBXBuildFile; fileRef = CE6643C51C81A17300A6F0D4 /* PointUnlockedState.swift */; };
		CE6643C81C81A27700A6F0D4 /* PointRotatingState.swift in Sources */ = {isa = PBXBuildFile; fileRef = CE6643C71C81A27700A6F0D4 /* PointRotatingState.swift */; };
		CE6643CA1C81FEC900A6F0D4 /* InputComponent.swift in Sources */ = {isa = PBXBuildFile; fileRef = CE6643C91C81FEC900A6F0D4 /* InputComponent.swift */; };
		CE6665B71C8349F90079F1C0 /* LevelScene.swift in Sources */ = {isa = PBXBuildFile; fileRef = CE6665B61C8349F90079F1C0 /* LevelScene.swift */; };
		CE66F67D1C6B83B200E08955 /* RodNode.swift in Sources */ = {isa = PBXBuildFile; fileRef = CE66F67C1C6B83B200E08955 /* RodNode.swift */; };
		CE66F67F1C6B8E0700E08955 /* RotationPointNode.swift in Sources */ = {isa = PBXBuildFile; fileRef = CE66F67E1C6B8E0700E08955 /* RotationPointNode.swift */; };
		CE66F6811C6B8E3900E08955 /* GridGraph.swift in Sources */ = {isa = PBXBuildFile; fileRef = CE66F6801C6B8E3900E08955 /* GridGraph.swift */; };
		CE66F6841C6B975900E08955 /* Checking.swift in Sources */ = {isa = PBXBuildFile; fileRef = CE66F6831C6B975900E08955 /* Checking.swift */; };
		CE66F6861C6BA4AF00E08955 /* Locked.swift in Sources */ = {isa = PBXBuildFile; fileRef = CE66F6851C6BA4AF00E08955 /* Locked.swift */; };
		CE66F6881C6BA51F00E08955 /* Unlocked.swift in Sources */ = {isa = PBXBuildFile; fileRef = CE66F6871C6BA51F00E08955 /* Unlocked.swift */; };
		CE66F68A1C6BA6DC00E08955 /* Rotating.swift in Sources */ = {isa = PBXBuildFile; fileRef = CE66F6891C6BA6DC00E08955 /* Rotating.swift */; };
		CE68B3F11C9E7E4100AA18A7 /* ComponentChoose.sks in Resources */ = {isa = PBXBuildFile; fileRef = CE68B3F01C9E7E4100AA18A7 /* ComponentChoose.sks */; };
		CE68B3F31C9EEB1C00AA18A7 /* LevelEmpty.sks in Resources */ = {isa = PBXBuildFile; fileRef = CE68B3F21C9EEB1C00AA18A7 /* LevelEmpty.sks */; };
		CE69437F1CA654310038CBB4 /* SceneLayerProtocol.swift in Sources */ = {isa = PBXBuildFile; fileRef = CE69437E1CA654310038CBB4 /* SceneLayerProtocol.swift */; };
		CE6943831CA676DB0038CBB4 /* SceneManager.swift in Sources */ = {isa = PBXBuildFile; fileRef = CE6943821CA676DB0038CBB4 /* SceneManager.swift */; };
		CE6AE3D61CB17E7400B833C4 /* Client.swift in Sources */ = {isa = PBXBuildFile; fileRef = CE6AE3D51CB17E7400B833C4 /* Client.swift */; };
		CE6AE3DA1CB1826900B833C4 /* Client+Constant.swift in Sources */ = {isa = PBXBuildFile; fileRef = CE6AE3D91CB1826900B833C4 /* Client+Constant.swift */; };
		CE6C04921C699C2C0082068B /* ProtocolAndCommon.swift in Sources */ = {isa = PBXBuildFile; fileRef = CE6C04911C699C2C0082068B /* ProtocolAndCommon.swift */; };
		CE7641FE1CB0353B0031080A /* SwiftyJSON.swift in Sources */ = {isa = PBXBuildFile; fileRef = CE7641FD1CB0353B0031080A /* SwiftyJSON.swift */; };
		CE787F801CA0D0FD0026807B /* Level8.sks in Resources */ = {isa = PBXBuildFile; fileRef = CE787F7F1CA0D0FD0026807B /* Level8.sks */; };
		CE787F821CA0D5BC0026807B /* Level10.sks in Resources */ = {isa = PBXBuildFile; fileRef = CE787F811CA0D5BC0026807B /* Level10.sks */; };
		CE787F841CA0DCE20026807B /* Level9.sks in Resources */ = {isa = PBXBuildFile; fileRef = CE787F831CA0DCE20026807B /* Level9.sks */; };
		CE787F861CA0E1910026807B /* Level11.sks in Resources */ = {isa = PBXBuildFile; fileRef = CE787F851CA0E1910026807B /* Level11.sks */; };
		CE787F881CA0E4DB0026807B /* Level12.sks in Resources */ = {isa = PBXBuildFile; fileRef = CE787F871CA0E4DB0026807B /* Level12.sks */; };
		CE787F8A1CA0EADA0026807B /* Level13.sks in Resources */ = {isa = PBXBuildFile; fileRef = CE787F891CA0EADA0026807B /* Level13.sks */; };
		CE787F8C1CA0EEA70026807B /* Level20.sks in Resources */ = {isa = PBXBuildFile; fileRef = CE787F8B1CA0EEA70026807B /* Level20.sks */; };
		CE787F901CA0F4450026807B /* Level15.sks in Resources */ = {isa = PBXBuildFile; fileRef = CE787F8F1CA0F4450026807B /* Level15.sks */; };
		CE787F921CA105A10026807B /* Level16.sks in Resources */ = {isa = PBXBuildFile; fileRef = CE787F911CA105A10026807B /* Level16.sks */; };
		CE787F941CA107990026807B /* Level17.sks in Resources */ = {isa = PBXBuildFile; fileRef = CE787F931CA107990026807B /* Level17.sks */; };
		CE787F961CA10D270026807B /* Level18.sks in Resources */ = {isa = PBXBuildFile; fileRef = CE787F951CA10D270026807B /* Level18.sks */; };
		CE787F981CA10D960026807B /* Level19.sks in Resources */ = {isa = PBXBuildFile; fileRef = CE787F971CA10D960026807B /* Level19.sks */; };
		CE7DB7D01C68B64400AA358C /* AppDelegate.swift in Sources */ = {isa = PBXBuildFile; fileRef = CE7DB7CF1C68B64400AA358C /* AppDelegate.swift */; };
		CE7DB7D21C68B64400AA358C /* GameScene.sks in Resources */ = {isa = PBXBuildFile; fileRef = CE7DB7D11C68B64400AA358C /* GameScene.sks */; };
		CE7DB7D41C68B64400AA358C /* GameScene.swift in Sources */ = {isa = PBXBuildFile; fileRef = CE7DB7D31C68B64400AA358C /* GameScene.swift */; };
		CE7DB7D61C68B64400AA358C /* GameViewController.swift in Sources */ = {isa = PBXBuildFile; fileRef = CE7DB7D51C68B64400AA358C /* GameViewController.swift */; };
		CE7DB7D91C68B64400AA358C /* Main.storyboard in Resources */ = {isa = PBXBuildFile; fileRef = CE7DB7D71C68B64400AA358C /* Main.storyboard */; };
		CE7DB7DB1C68B64400AA358C /* Assets.xcassets in Resources */ = {isa = PBXBuildFile; fileRef = CE7DB7DA1C68B64400AA358C /* Assets.xcassets */; };
		CE7DB7DE1C68B64400AA358C /* LaunchScreen.storyboard in Resources */ = {isa = PBXBuildFile; fileRef = CE7DB7DC1C68B64400AA358C /* LaunchScreen.storyboard */; };
		CE7DB7E91C68B64400AA358C /* GridTests.swift in Sources */ = {isa = PBXBuildFile; fileRef = CE7DB7E81C68B64400AA358C /* GridTests.swift */; };
		CE7DB7F41C68B64400AA358C /* GridUITests.swift in Sources */ = {isa = PBXBuildFile; fileRef = CE7DB7F31C68B64400AA358C /* GridUITests.swift */; };
		CE7DB80E1C68D74C00AA358C /* CGFloat+Extensions.swift in Sources */ = {isa = PBXBuildFile; fileRef = CE7DB8021C68D74C00AA358C /* CGFloat+Extensions.swift */; };
		CE7DB80F1C68D74C00AA358C /* CGPoint+Extensions.swift in Sources */ = {isa = PBXBuildFile; fileRef = CE7DB8031C68D74C00AA358C /* CGPoint+Extensions.swift */; };
		CE7DB8101C68D74C00AA358C /* CGVector+Extensions.swift in Sources */ = {isa = PBXBuildFile; fileRef = CE7DB8041C68D74C00AA358C /* CGVector+Extensions.swift */; };
		CE7DB8111C68D74C00AA358C /* Int+Extensions.swift in Sources */ = {isa = PBXBuildFile; fileRef = CE7DB8051C68D74C00AA358C /* Int+Extensions.swift */; };
		CE7DB8121C68D74C00AA358C /* SKAction+Extensions.swift in Sources */ = {isa = PBXBuildFile; fileRef = CE7DB8061C68D74C00AA358C /* SKAction+Extensions.swift */; };
		CE7DB8131C68D74C00AA358C /* SKAction+SpecialEffects.swift in Sources */ = {isa = PBXBuildFile; fileRef = CE7DB8071C68D74C00AA358C /* SKAction+SpecialEffects.swift */; };
		CE7DB8141C68D74C00AA358C /* SKColor+Extensions.swift in Sources */ = {isa = PBXBuildFile; fileRef = CE7DB8081C68D74C00AA358C /* SKColor+Extensions.swift */; };
		CE7DB8151C68D74C00AA358C /* SKNode+Extensions.swift in Sources */ = {isa = PBXBuildFile; fileRef = CE7DB8091C68D74C00AA358C /* SKNode+Extensions.swift */; };
		CE7DB8161C68D74C00AA358C /* SKTAudio.swift in Sources */ = {isa = PBXBuildFile; fileRef = CE7DB80A1C68D74C00AA358C /* SKTAudio.swift */; };
		CE7DB8171C68D74C00AA358C /* SKTEffects.swift in Sources */ = {isa = PBXBuildFile; fileRef = CE7DB80B1C68D74C00AA358C /* SKTEffects.swift */; };
		CE7DB8181C68D74C00AA358C /* SKTTimingFunctions.swift in Sources */ = {isa = PBXBuildFile; fileRef = CE7DB80C1C68D74C00AA358C /* SKTTimingFunctions.swift */; };
		CE7DB8191C68D74C00AA358C /* Vector3.swift in Sources */ = {isa = PBXBuildFile; fileRef = CE7DB80D1C68D74C00AA358C /* Vector3.swift */; };
		CE7FDBDA1CA2FA5D008616D4 /* ThemeTitles.sks in Resources */ = {isa = PBXBuildFile; fileRef = CE7FDBD91CA2FA5D008616D4 /* ThemeTitles.sks */; };
		CE7FDBDE1CA2FF1C008616D4 /* ball_scaleUp.sks in Resources */ = {isa = PBXBuildFile; fileRef = CE7FDBDC1CA2FF1C008616D4 /* ball_scaleUp.sks */; };
		CE7FDBE01CA30244008616D4 /* ball_small.png in Resources */ = {isa = PBXBuildFile; fileRef = CE7FDBDF1CA30244008616D4 /* ball_small.png */; };
		CE7FE5441CA5915C00556AD5 /* Level14.sks in Resources */ = {isa = PBXBuildFile; fileRef = CE7FE5431CA5915C00556AD5 /* Level14.sks */; };
		CE8378E61C9457E400E7CD88 /* DestinationNode.swift in Sources */ = {isa = PBXBuildFile; fileRef = CE8378E51C9457E400E7CD88 /* DestinationNode.swift */; };
		CE8378EA1C94621B00E7CD88 /* Level1.sks in Resources */ = {isa = PBXBuildFile; fileRef = CE8378E91C94621B00E7CD88 /* Level1.sks */; };
		CE848D721CB26F5700C5569E /* Client+Convenience.swift in Sources */ = {isa = PBXBuildFile; fileRef = CE848D711CB26F5700C5569E /* Client+Convenience.swift */; };
		CE848D741CB2C23A00C5569E /* GameKit.framework in Frameworks */ = {isa = PBXBuildFile; fileRef = CE848D731CB2C23A00C5569E /* GameKit.framework */; };
		CE885BE61C9D6190005E1A15 /* PointButton.swift in Sources */ = {isa = PBXBuildFile; fileRef = CE885BE51C9D6190005E1A15 /* PointButton.swift */; };
		CE8A0BCF1C80BC95000ABFEA /* DetectComponent.swift in Sources */ = {isa = PBXBuildFile; fileRef = CE8A0BCE1C80BC95000ABFEA /* DetectComponent.swift */; };
		CEA02EE61C9C304700DC9C38 /* LevelEditorScene.swift in Sources */ = {isa = PBXBuildFile; fileRef = CEA02EE51C9C304700DC9C38 /* LevelEditorScene.swift */; };
		CEA8BC081C9AF74500C0133C /* LevelEditor.sks in Resources */ = {isa = PBXBuildFile; fileRef = CEA8BC071C9AF74500C0133C /* LevelEditor.sks */; };
		CEA8BC0A1C9B0C4F00C0133C /* SKButtonNode.swift in Sources */ = {isa = PBXBuildFile; fileRef = CEA8BC091C9B0C4F00C0133C /* SKButtonNode.swift */; };
		CEACA2A11CB9F41F003E35B9 /* GameKitHelper.swift in Sources */ = {isa = PBXBuildFile; fileRef = CEACA2A01CB9F41F003E35B9 /* GameKitHelper.swift */; };
		CEACA2A31CB9F594003E35B9 /* RoDotNavigationController.swift in Sources */ = {isa = PBXBuildFile; fileRef = CEACA2A21CB9F594003E35B9 /* RoDotNavigationController.swift */; };
		CEBB4D411C87080D00D2174E /* RestrictedRotationPoint.swift in Sources */ = {isa = PBXBuildFile; fileRef = CEBB4D401C87080D00D2174E /* RestrictedRotationPoint.swift */; };
		CEBB4D431C87094000D2174E /* RotatableRodCountComponent.swift in Sources */ = {isa = PBXBuildFile; fileRef = CEBB4D421C87094000D2174E /* RotatableRodCountComponent.swift */; };
		CEDA12FB1CB4F23D00EAB73E /* FrameView.swift in Sources */ = {isa = PBXBuildFile; fileRef = CEDA12E81CB4F23D00EAB73E /* FrameView.swift */; };
		CEDA12FC1CB4F23D00EAB73E /* HUD.swift in Sources */ = {isa = PBXBuildFile; fileRef = CEDA12E91CB4F23D00EAB73E /* HUD.swift */; };
		CEDA12FD1CB4F23D00EAB73E /* Images.xcassets in Resources */ = {isa = PBXBuildFile; fileRef = CEDA12EA1CB4F23D00EAB73E /* Images.xcassets */; };
		CEDA12FE1CB4F23D00EAB73E /* Info.plist in Resources */ = {isa = PBXBuildFile; fileRef = CEDA12EB1CB4F23D00EAB73E /* Info.plist */; };
		CEDA12FF1CB4F23D00EAB73E /* PKHUD.swift in Sources */ = {isa = PBXBuildFile; fileRef = CEDA12ED1CB4F23D00EAB73E /* PKHUD.swift */; };
		CEDA13001CB4F23D00EAB73E /* PKHUDAnimating.swift in Sources */ = {isa = PBXBuildFile; fileRef = CEDA12EE1CB4F23D00EAB73E /* PKHUDAnimating.swift */; };
		CEDA13011CB4F23D00EAB73E /* PKHUDAnimation.swift in Sources */ = {isa = PBXBuildFile; fileRef = CEDA12EF1CB4F23D00EAB73E /* PKHUDAnimation.swift */; };
		CEDA13021CB4F23D00EAB73E /* PKHUDAssets.swift in Sources */ = {isa = PBXBuildFile; fileRef = CEDA12F01CB4F23D00EAB73E /* PKHUDAssets.swift */; };
		CEDA13031CB4F23D00EAB73E /* PKHUDErrorView.swift in Sources */ = {isa = PBXBuildFile; fileRef = CEDA12F11CB4F23D00EAB73E /* PKHUDErrorView.swift */; };
		CEDA13041CB4F23D00EAB73E /* PKHUDProgressView.swift in Sources */ = {isa = PBXBuildFile; fileRef = CEDA12F21CB4F23D00EAB73E /* PKHUDProgressView.swift */; };
		CEDA13051CB4F23D00EAB73E /* PKHUDRotatingImageView.swift in Sources */ = {isa = PBXBuildFile; fileRef = CEDA12F31CB4F23D00EAB73E /* PKHUDRotatingImageView.swift */; };
		CEDA13061CB4F23D00EAB73E /* PKHUDSquareBaseView.swift in Sources */ = {isa = PBXBuildFile; fileRef = CEDA12F41CB4F23D00EAB73E /* PKHUDSquareBaseView.swift */; };
		CEDA13071CB4F23D00EAB73E /* PKHUDSuccessView.swift in Sources */ = {isa = PBXBuildFile; fileRef = CEDA12F51CB4F23D00EAB73E /* PKHUDSuccessView.swift */; };
		CEDA13081CB4F23D00EAB73E /* PKHUDSystemActivityIndicatorView.swift in Sources */ = {isa = PBXBuildFile; fileRef = CEDA12F61CB4F23D00EAB73E /* PKHUDSystemActivityIndicatorView.swift */; };
		CEDA13091CB4F23D00EAB73E /* PKHUDTextView.swift in Sources */ = {isa = PBXBuildFile; fileRef = CEDA12F71CB4F23D00EAB73E /* PKHUDTextView.swift */; };
		CEDA130A1CB4F23D00EAB73E /* PKHUDWideBaseView.swift in Sources */ = {isa = PBXBuildFile; fileRef = CEDA12F81CB4F23D00EAB73E /* PKHUDWideBaseView.swift */; };
		CEDA130B1CB4F23D00EAB73E /* Window.swift in Sources */ = {isa = PBXBuildFile; fileRef = CEDA12F91CB4F23D00EAB73E /* Window.swift */; };
		CEDA130C1CB4F23D00EAB73E /* WindowRootViewController.swift in Sources */ = {isa = PBXBuildFile; fileRef = CEDA12FA1CB4F23D00EAB73E /* WindowRootViewController.swift */; };
		CEDC061A1C7DC5E4000F9C52 /* RenderComponent.swift in Sources */ = {isa = PBXBuildFile; fileRef = CEDC06191C7DC5E4000F9C52 /* RenderComponent.swift */; };
		CEDC061C1C7DC6C1000F9C52 /* PhysicsComponent.swift in Sources */ = {isa = PBXBuildFile; fileRef = CEDC061B1C7DC6C1000F9C52 /* PhysicsComponent.swift */; };
		CEDC061F1C7DC9EF000F9C52 /* GameplayConfiguration.swift in Sources */ = {isa = PBXBuildFile; fileRef = CEDC061E1C7DC9EF000F9C52 /* GameplayConfiguration.swift */; };
		CEDC06211C7DCCFA000F9C52 /* ColliderType.swift in Sources */ = {isa = PBXBuildFile; fileRef = CEDC06201C7DCCFA000F9C52 /* ColliderType.swift */; };
		CEDC06241C7DE4E7000F9C52 /* Rod.swift in Sources */ = {isa = PBXBuildFile; fileRef = CEDC06231C7DE4E7000F9C52 /* Rod.swift */; };
		CEDC06261C7DEC11000F9C52 /* RotationPoint.swift in Sources */ = {isa = PBXBuildFile; fileRef = CEDC06251C7DEC11000F9C52 /* RotationPoint.swift */; };
/* End PBXBuildFile section */

/* Begin PBXContainerItemProxy section */
		CE7DB7E51C68B64400AA358C /* PBXContainerItemProxy */ = {
			isa = PBXContainerItemProxy;
			containerPortal = CE7DB7C41C68B64400AA358C /* Project object */;
			proxyType = 1;
			remoteGlobalIDString = CE7DB7CB1C68B64400AA358C;
			remoteInfo = Grid;
		};
		CE7DB7F01C68B64400AA358C /* PBXContainerItemProxy */ = {
			isa = PBXContainerItemProxy;
			containerPortal = CE7DB7C41C68B64400AA358C /* Project object */;
			proxyType = 1;
			remoteGlobalIDString = CE7DB7CB1C68B64400AA358C;
			remoteInfo = Grid;
		};
/* End PBXContainerItemProxy section */

/* Begin PBXFileReference section */
		CE0B730B1C96C5B900009B6B /* Level6.sks */ = {isa = PBXFileReference; lastKnownFileType = file.sks; path = Level6.sks; sourceTree = "<group>"; };
		CE0B730D1C96E44A00009B6B /* PointNodeType.swift */ = {isa = PBXFileReference; fileEncoding = 4; lastKnownFileType = sourcecode.swift; path = PointNodeType.swift; sourceTree = "<group>"; };
		CE0C76F01C8BD4C3002CBF23 /* LevelSceneActiveState.swift */ = {isa = PBXFileReference; fileEncoding = 4; lastKnownFileType = sourcecode.swift; path = LevelSceneActiveState.swift; sourceTree = "<group>"; };
		CE0C76F21C8BD4ED002CBF23 /* LevelSceneFailState.swift */ = {isa = PBXFileReference; fileEncoding = 4; lastKnownFileType = sourcecode.swift; path = LevelSceneFailState.swift; sourceTree = "<group>"; };
		CE0C76F41C8BD54A002CBF23 /* LevelSceneSuccessState.swift */ = {isa = PBXFileReference; fileEncoding = 4; lastKnownFileType = sourcecode.swift; path = LevelSceneSuccessState.swift; sourceTree = "<group>"; };
		CE0C76F61C8C0E5A002CBF23 /* TranslationPoint.swift */ = {isa = PBXFileReference; fileEncoding = 4; lastKnownFileType = sourcecode.swift; path = TranslationPoint.swift; sourceTree = "<group>"; };
		CE0C76F81C8C0EAE002CBF23 /* PointTranslatingState.swift */ = {isa = PBXFileReference; fileEncoding = 4; lastKnownFileType = sourcecode.swift; path = PointTranslatingState.swift; sourceTree = "<group>"; };
		CE12AE141C85D76D00E876FF /* StaticPoint.swift */ = {isa = PBXFileReference; fileEncoding = 4; lastKnownFileType = sourcecode.swift; path = StaticPoint.swift; sourceTree = "<group>"; };
		CE12AE161C85D80600E876FF /* PointLockedForeverState.swift */ = {isa = PBXFileReference; fileEncoding = 4; lastKnownFileType = sourcecode.swift; path = PointLockedForeverState.swift; sourceTree = "<group>"; };
		CE12AE1A1C85D99B00E876FF /* BasePointEntity.swift */ = {isa = PBXFileReference; fileEncoding = 4; lastKnownFileType = sourcecode.swift; path = BasePointEntity.swift; sourceTree = "<group>"; };
		CE1627C51CACF9A90059DC89 /* Level+CoreDataProperties.swift */ = {isa = PBXFileReference; fileEncoding = 4; lastKnownFileType = sourcecode.swift; path = "Level+CoreDataProperties.swift"; sourceTree = "<group>"; };
		CE1627C61CACF9A90059DC89 /* Level.swift */ = {isa = PBXFileReference; fileEncoding = 4; lastKnownFileType = sourcecode.swift; path = Level.swift; sourceTree = "<group>"; };
		CE1627C71CACF9A90059DC89 /* Node+CoreDataProperties.swift */ = {isa = PBXFileReference; fileEncoding = 4; lastKnownFileType = sourcecode.swift; path = "Node+CoreDataProperties.swift"; sourceTree = "<group>"; };
		CE1627C81CACF9A90059DC89 /* Node.swift */ = {isa = PBXFileReference; fileEncoding = 4; lastKnownFileType = sourcecode.swift; path = Node.swift; sourceTree = "<group>"; };
		CE1627CD1CACFAF10059DC89 /* NodeType.swift */ = {isa = PBXFileReference; fileEncoding = 4; lastKnownFileType = sourcecode.swift; path = NodeType.swift; sourceTree = "<group>"; };
		CE1627CF1CAD188D0059DC89 /* LevelEdirorScene.sks */ = {isa = PBXFileReference; lastKnownFileType = file.sks; path = LevelEdirorScene.sks; sourceTree = "<group>"; };
		CE1627D11CAD47C20059DC89 /* DIYLevelsViewController.swift */ = {isa = PBXFileReference; fileEncoding = 4; lastKnownFileType = sourcecode.swift; path = DIYLevelsViewController.swift; sourceTree = "<group>"; };
		CE164FC61C7F2759005BD8EB /* MoveComponent.swift */ = {isa = PBXFileReference; fileEncoding = 4; lastKnownFileType = sourcecode.swift; path = MoveComponent.swift; sourceTree = "<group>"; };
		CE164FC81C7F32C0005BD8EB /* OrientationComponent.swift */ = {isa = PBXFileReference; fileEncoding = 4; lastKnownFileType = sourcecode.swift; path = OrientationComponent.swift; sourceTree = "<group>"; };
		CE16AB931CAC356000A42545 /* CoreDataStack.swift */ = {isa = PBXFileReference; fileEncoding = 4; lastKnownFileType = sourcecode.swift; path = CoreDataStack.swift; sourceTree = "<group>"; };
		CE16AB9A1CAC38EA00A42545 /* LevelsData.xcdatamodel */ = {isa = PBXFileReference; lastKnownFileType = wrapper.xcdatamodel; path = LevelsData.xcdatamodel; sourceTree = "<group>"; };
		CE1B1E141C76F244000FDE5E /* BallNode.swift */ = {isa = PBXFileReference; fileEncoding = 4; lastKnownFileType = sourcecode.swift; path = BallNode.swift; sourceTree = "<group>"; };
		CE1B1E171C770964000FDE5E /* Level.sks */ = {isa = PBXFileReference; lastKnownFileType = file.sks; path = Level.sks; sourceTree = "<group>"; };
		CE1E7A401CA29F0600BFD61B /* StartScene.swift */ = {isa = PBXFileReference; fileEncoding = 4; lastKnownFileType = sourcecode.swift; path = StartScene.swift; sourceTree = "<group>"; };
		CE1E7A421CA2A00B00BFD61B /* StartScene.sks */ = {isa = PBXFileReference; lastKnownFileType = file.sks; path = StartScene.sks; sourceTree = "<group>"; };
		CE1E7A441CA2B81900BFD61B /* StartBallNode.swift */ = {isa = PBXFileReference; fileEncoding = 4; lastKnownFileType = sourcecode.swift; path = StartBallNode.swift; sourceTree = "<group>"; };
		CE1E9AF81C8E85580012F3F8 /* TransferComponent.swift */ = {isa = PBXFileReference; fileEncoding = 4; lastKnownFileType = sourcecode.swift; path = TransferComponent.swift; sourceTree = "<group>"; };
		CE21F2621C95B20D00C39D58 /* Level7.sks */ = {isa = PBXFileReference; lastKnownFileType = file.sks; path = Level7.sks; sourceTree = "<group>"; };
		CE21F2641C95CEBE00C39D58 /* RotateCountComponent.swift */ = {isa = PBXFileReference; fileEncoding = 4; lastKnownFileType = sourcecode.swift; path = RotateCountComponent.swift; sourceTree = "<group>"; };
		CE2776741C8FF68700B5FA7F /* ClockwiseComponent.swift */ = {isa = PBXFileReference; fileEncoding = 4; lastKnownFileType = sourcecode.swift; path = ClockwiseComponent.swift; sourceTree = "<group>"; };
		CE2776761C8FFE7D00B5FA7F /* ClockwiseRotationPoint.swift */ = {isa = PBXFileReference; fileEncoding = 4; lastKnownFileType = sourcecode.swift; path = ClockwiseRotationPoint.swift; sourceTree = "<group>"; };
		CE27767A1C9006E300B5FA7F /* ClockwiseRescritedRPoint.swift */ = {isa = PBXFileReference; fileEncoding = 4; lastKnownFileType = sourcecode.swift; path = ClockwiseRescritedRPoint.swift; sourceTree = "<group>"; };
		CE27767C1C90597900B5FA7F /* FreezableComponent.swift */ = {isa = PBXFileReference; fileEncoding = 4; lastKnownFileType = sourcecode.swift; path = FreezableComponent.swift; sourceTree = "<group>"; };
		CE27767E1C90625200B5FA7F /* IceBallNode.swift */ = {isa = PBXFileReference; fileEncoding = 4; lastKnownFileType = sourcecode.swift; path = IceBallNode.swift; sourceTree = "<group>"; };
		CE2776801C9065CE00B5FA7F /* FreezableProtocol.swift */ = {isa = PBXFileReference; fileEncoding = 4; lastKnownFileType = sourcecode.swift; path = FreezableProtocol.swift; sourceTree = "<group>"; };
		CE4BEA021C95670D004DCDB5 /* Level2.sks */ = {isa = PBXFileReference; lastKnownFileType = file.sks; path = Level2.sks; sourceTree = "<group>"; };
		CE4BEA041C95886B004DCDB5 /* Level3.sks */ = {isa = PBXFileReference; lastKnownFileType = file.sks; path = Level3.sks; sourceTree = "<group>"; };
		CE4BEA061C958DE5004DCDB5 /* Level4.sks */ = {isa = PBXFileReference; lastKnownFileType = file.sks; path = Level4.sks; sourceTree = "<group>"; };
		CE5203F51C97D06B000EA721 /* Level5.sks */ = {isa = PBXFileReference; lastKnownFileType = file.sks; path = Level5.sks; sourceTree = "<group>"; };
		CE5244CE1CA00B16000DADF5 /* LevelEditPlayScene.swift */ = {isa = PBXFileReference; fileEncoding = 4; lastKnownFileType = sourcecode.swift; path = LevelEditPlayScene.swift; sourceTree = "<group>"; };
		CE63145C1CA4075D00624822 /* ball_scaleDown.sks */ = {isa = PBXFileReference; lastKnownFileType = file.sks; path = ball_scaleDown.sks; sourceTree = "<group>"; };
		CE637FF71C8EEEDF005FB30D /* Transfer.swift */ = {isa = PBXFileReference; fileEncoding = 4; lastKnownFileType = sourcecode.swift; path = Transfer.swift; sourceTree = "<group>"; };
		CE6576121C7A056700EA2348 /* TransferNode.swift */ = {isa = PBXFileReference; fileEncoding = 4; lastKnownFileType = sourcecode.swift; path = TransferNode.swift; sourceTree = "<group>"; };
		CE6643BC1C81889700A6F0D4 /* RelateComponent.swift */ = {isa = PBXFileReference; fileEncoding = 4; lastKnownFileType = sourcecode.swift; path = RelateComponent.swift; sourceTree = "<group>"; };
		CE6643BE1C819E9500A6F0D4 /* IntelligenceComponent.swift */ = {isa = PBXFileReference; fileEncoding = 4; lastKnownFileType = sourcecode.swift; path = IntelligenceComponent.swift; sourceTree = "<group>"; };
		CE6643C01C81A05700A6F0D4 /* PointCheckingState.swift */ = {isa = PBXFileReference; fileEncoding = 4; lastKnownFileType = sourcecode.swift; path = PointCheckingState.swift; sourceTree = "<group>"; };
		CE6643C31C81A14F00A6F0D4 /* PointLockedState.swift */ = {isa = PBXFileReference; fileEncoding = 4; lastKnownFileType = sourcecode.swift; path = PointLockedState.swift; sourceTree = "<group>"; };
		CE6643C51C81A17300A6F0D4 /* PointUnlockedState.swift */ = {isa = PBXFileReference; fileEncoding = 4; lastKnownFileType = sourcecode.swift; path = PointUnlockedState.swift; sourceTree = "<group>"; };
		CE6643C71C81A27700A6F0D4 /* PointRotatingState.swift */ = {isa = PBXFileReference; fileEncoding = 4; lastKnownFileType = sourcecode.swift; path = PointRotatingState.swift; sourceTree = "<group>"; };
		CE6643C91C81FEC900A6F0D4 /* InputComponent.swift */ = {isa = PBXFileReference; fileEncoding = 4; lastKnownFileType = sourcecode.swift; path = InputComponent.swift; sourceTree = "<group>"; };
		CE6665B61C8349F90079F1C0 /* LevelScene.swift */ = {isa = PBXFileReference; fileEncoding = 4; lastKnownFileType = sourcecode.swift; path = LevelScene.swift; sourceTree = "<group>"; };
		CE66F67C1C6B83B200E08955 /* RodNode.swift */ = {isa = PBXFileReference; fileEncoding = 4; lastKnownFileType = sourcecode.swift; path = RodNode.swift; sourceTree = "<group>"; };
		CE66F67E1C6B8E0700E08955 /* RotationPointNode.swift */ = {isa = PBXFileReference; fileEncoding = 4; lastKnownFileType = sourcecode.swift; path = RotationPointNode.swift; sourceTree = "<group>"; };
		CE66F6801C6B8E3900E08955 /* GridGraph.swift */ = {isa = PBXFileReference; fileEncoding = 4; lastKnownFileType = sourcecode.swift; path = GridGraph.swift; sourceTree = "<group>"; };
		CE66F6831C6B975900E08955 /* Checking.swift */ = {isa = PBXFileReference; fileEncoding = 4; lastKnownFileType = sourcecode.swift; path = Checking.swift; sourceTree = "<group>"; };
		CE66F6851C6BA4AF00E08955 /* Locked.swift */ = {isa = PBXFileReference; fileEncoding = 4; lastKnownFileType = sourcecode.swift; path = Locked.swift; sourceTree = "<group>"; };
		CE66F6871C6BA51F00E08955 /* Unlocked.swift */ = {isa = PBXFileReference; fileEncoding = 4; lastKnownFileType = sourcecode.swift; path = Unlocked.swift; sourceTree = "<group>"; };
		CE66F6891C6BA6DC00E08955 /* Rotating.swift */ = {isa = PBXFileReference; fileEncoding = 4; lastKnownFileType = sourcecode.swift; path = Rotating.swift; sourceTree = "<group>"; };
		CE68B3F01C9E7E4100AA18A7 /* ComponentChoose.sks */ = {isa = PBXFileReference; lastKnownFileType = file.sks; path = ComponentChoose.sks; sourceTree = "<group>"; };
		CE68B3F21C9EEB1C00AA18A7 /* LevelEmpty.sks */ = {isa = PBXFileReference; lastKnownFileType = file.sks; path = LevelEmpty.sks; sourceTree = "<group>"; };
		CE69437E1CA654310038CBB4 /* SceneLayerProtocol.swift */ = {isa = PBXFileReference; fileEncoding = 4; lastKnownFileType = sourcecode.swift; path = SceneLayerProtocol.swift; sourceTree = "<group>"; };
		CE6943821CA676DB0038CBB4 /* SceneManager.swift */ = {isa = PBXFileReference; fileEncoding = 4; lastKnownFileType = sourcecode.swift; path = SceneManager.swift; sourceTree = "<group>"; };
		CE6AE3D51CB17E7400B833C4 /* Client.swift */ = {isa = PBXFileReference; fileEncoding = 4; lastKnownFileType = sourcecode.swift; path = Client.swift; sourceTree = "<group>"; };
		CE6AE3D91CB1826900B833C4 /* Client+Constant.swift */ = {isa = PBXFileReference; fileEncoding = 4; lastKnownFileType = sourcecode.swift; path = "Client+Constant.swift"; sourceTree = "<group>"; };
		CE6C04911C699C2C0082068B /* ProtocolAndCommon.swift */ = {isa = PBXFileReference; fileEncoding = 4; lastKnownFileType = sourcecode.swift; path = ProtocolAndCommon.swift; sourceTree = "<group>"; };
		CE7641FD1CB0353B0031080A /* SwiftyJSON.swift */ = {isa = PBXFileReference; fileEncoding = 4; lastKnownFileType = sourcecode.swift; path = SwiftyJSON.swift; sourceTree = "<group>"; };
		CE787F7F1CA0D0FD0026807B /* Level8.sks */ = {isa = PBXFileReference; lastKnownFileType = file.sks; path = Level8.sks; sourceTree = "<group>"; };
		CE787F811CA0D5BC0026807B /* Level10.sks */ = {isa = PBXFileReference; lastKnownFileType = file.sks; path = Level10.sks; sourceTree = "<group>"; };
		CE787F831CA0DCE20026807B /* Level9.sks */ = {isa = PBXFileReference; lastKnownFileType = file.sks; path = Level9.sks; sourceTree = "<group>"; };
		CE787F851CA0E1910026807B /* Level11.sks */ = {isa = PBXFileReference; lastKnownFileType = file.sks; path = Level11.sks; sourceTree = "<group>"; };
		CE787F871CA0E4DB0026807B /* Level12.sks */ = {isa = PBXFileReference; lastKnownFileType = file.sks; path = Level12.sks; sourceTree = "<group>"; };
		CE787F891CA0EADA0026807B /* Level13.sks */ = {isa = PBXFileReference; lastKnownFileType = file.sks; path = Level13.sks; sourceTree = "<group>"; };
		CE787F8B1CA0EEA70026807B /* Level20.sks */ = {isa = PBXFileReference; lastKnownFileType = file.sks; path = Level20.sks; sourceTree = "<group>"; };
		CE787F8F1CA0F4450026807B /* Level15.sks */ = {isa = PBXFileReference; lastKnownFileType = file.sks; path = Level15.sks; sourceTree = "<group>"; };
		CE787F911CA105A10026807B /* Level16.sks */ = {isa = PBXFileReference; lastKnownFileType = file.sks; path = Level16.sks; sourceTree = "<group>"; };
		CE787F931CA107990026807B /* Level17.sks */ = {isa = PBXFileReference; lastKnownFileType = file.sks; path = Level17.sks; sourceTree = "<group>"; };
		CE787F951CA10D270026807B /* Level18.sks */ = {isa = PBXFileReference; lastKnownFileType = file.sks; path = Level18.sks; sourceTree = "<group>"; };
		CE787F971CA10D960026807B /* Level19.sks */ = {isa = PBXFileReference; lastKnownFileType = file.sks; path = Level19.sks; sourceTree = "<group>"; };
		CE7DB7CC1C68B64400AA358C /* Grid.app */ = {isa = PBXFileReference; explicitFileType = wrapper.application; includeInIndex = 0; path = Grid.app; sourceTree = BUILT_PRODUCTS_DIR; };
		CE7DB7CF1C68B64400AA358C /* AppDelegate.swift */ = {isa = PBXFileReference; lastKnownFileType = sourcecode.swift; path = AppDelegate.swift; sourceTree = "<group>"; };
		CE7DB7D11C68B64400AA358C /* GameScene.sks */ = {isa = PBXFileReference; lastKnownFileType = file.sks; path = GameScene.sks; sourceTree = "<group>"; };
		CE7DB7D31C68B64400AA358C /* GameScene.swift */ = {isa = PBXFileReference; lastKnownFileType = sourcecode.swift; path = GameScene.swift; sourceTree = "<group>"; };
		CE7DB7D51C68B64400AA358C /* GameViewController.swift */ = {isa = PBXFileReference; lastKnownFileType = sourcecode.swift; path = GameViewController.swift; sourceTree = "<group>"; };
		CE7DB7D81C68B64400AA358C /* Base */ = {isa = PBXFileReference; lastKnownFileType = file.storyboard; name = Base; path = Base.lproj/Main.storyboard; sourceTree = "<group>"; };
		CE7DB7DA1C68B64400AA358C /* Assets.xcassets */ = {isa = PBXFileReference; lastKnownFileType = folder.assetcatalog; path = Assets.xcassets; sourceTree = "<group>"; };
		CE7DB7DD1C68B64400AA358C /* Base */ = {isa = PBXFileReference; lastKnownFileType = file.storyboard; name = Base; path = Base.lproj/LaunchScreen.storyboard; sourceTree = "<group>"; };
		CE7DB7DF1C68B64400AA358C /* Info.plist */ = {isa = PBXFileReference; lastKnownFileType = text.plist.xml; path = Info.plist; sourceTree = "<group>"; };
		CE7DB7E41C68B64400AA358C /* GridTests.xctest */ = {isa = PBXFileReference; explicitFileType = wrapper.cfbundle; includeInIndex = 0; path = GridTests.xctest; sourceTree = BUILT_PRODUCTS_DIR; };
		CE7DB7E81C68B64400AA358C /* GridTests.swift */ = {isa = PBXFileReference; lastKnownFileType = sourcecode.swift; path = GridTests.swift; sourceTree = "<group>"; };
		CE7DB7EA1C68B64400AA358C /* Info.plist */ = {isa = PBXFileReference; lastKnownFileType = text.plist.xml; path = Info.plist; sourceTree = "<group>"; };
		CE7DB7EF1C68B64400AA358C /* GridUITests.xctest */ = {isa = PBXFileReference; explicitFileType = wrapper.cfbundle; includeInIndex = 0; path = GridUITests.xctest; sourceTree = BUILT_PRODUCTS_DIR; };
		CE7DB7F31C68B64400AA358C /* GridUITests.swift */ = {isa = PBXFileReference; lastKnownFileType = sourcecode.swift; path = GridUITests.swift; sourceTree = "<group>"; };
		CE7DB7F51C68B64400AA358C /* Info.plist */ = {isa = PBXFileReference; lastKnownFileType = text.plist.xml; path = Info.plist; sourceTree = "<group>"; };
		CE7DB8021C68D74C00AA358C /* CGFloat+Extensions.swift */ = {isa = PBXFileReference; fileEncoding = 4; lastKnownFileType = sourcecode.swift; path = "CGFloat+Extensions.swift"; sourceTree = "<group>"; };
		CE7DB8031C68D74C00AA358C /* CGPoint+Extensions.swift */ = {isa = PBXFileReference; fileEncoding = 4; lastKnownFileType = sourcecode.swift; path = "CGPoint+Extensions.swift"; sourceTree = "<group>"; };
		CE7DB8041C68D74C00AA358C /* CGVector+Extensions.swift */ = {isa = PBXFileReference; fileEncoding = 4; lastKnownFileType = sourcecode.swift; path = "CGVector+Extensions.swift"; sourceTree = "<group>"; };
		CE7DB8051C68D74C00AA358C /* Int+Extensions.swift */ = {isa = PBXFileReference; fileEncoding = 4; lastKnownFileType = sourcecode.swift; path = "Int+Extensions.swift"; sourceTree = "<group>"; };
		CE7DB8061C68D74C00AA358C /* SKAction+Extensions.swift */ = {isa = PBXFileReference; fileEncoding = 4; lastKnownFileType = sourcecode.swift; path = "SKAction+Extensions.swift"; sourceTree = "<group>"; };
		CE7DB8071C68D74C00AA358C /* SKAction+SpecialEffects.swift */ = {isa = PBXFileReference; fileEncoding = 4; lastKnownFileType = sourcecode.swift; path = "SKAction+SpecialEffects.swift"; sourceTree = "<group>"; };
		CE7DB8081C68D74C00AA358C /* SKColor+Extensions.swift */ = {isa = PBXFileReference; fileEncoding = 4; lastKnownFileType = sourcecode.swift; path = "SKColor+Extensions.swift"; sourceTree = "<group>"; };
		CE7DB8091C68D74C00AA358C /* SKNode+Extensions.swift */ = {isa = PBXFileReference; fileEncoding = 4; lastKnownFileType = sourcecode.swift; path = "SKNode+Extensions.swift"; sourceTree = "<group>"; };
		CE7DB80A1C68D74C00AA358C /* SKTAudio.swift */ = {isa = PBXFileReference; fileEncoding = 4; lastKnownFileType = sourcecode.swift; path = SKTAudio.swift; sourceTree = "<group>"; };
		CE7DB80B1C68D74C00AA358C /* SKTEffects.swift */ = {isa = PBXFileReference; fileEncoding = 4; lastKnownFileType = sourcecode.swift; path = SKTEffects.swift; sourceTree = "<group>"; };
		CE7DB80C1C68D74C00AA358C /* SKTTimingFunctions.swift */ = {isa = PBXFileReference; fileEncoding = 4; lastKnownFileType = sourcecode.swift; path = SKTTimingFunctions.swift; sourceTree = "<group>"; };
		CE7DB80D1C68D74C00AA358C /* Vector3.swift */ = {isa = PBXFileReference; fileEncoding = 4; lastKnownFileType = sourcecode.swift; path = Vector3.swift; sourceTree = "<group>"; };
		CE7FDBD91CA2FA5D008616D4 /* ThemeTitles.sks */ = {isa = PBXFileReference; lastKnownFileType = file.sks; path = ThemeTitles.sks; sourceTree = "<group>"; };
		CE7FDBDC1CA2FF1C008616D4 /* ball_scaleUp.sks */ = {isa = PBXFileReference; lastKnownFileType = file.sks; path = ball_scaleUp.sks; sourceTree = "<group>"; };
		CE7FDBDF1CA30244008616D4 /* ball_small.png */ = {isa = PBXFileReference; lastKnownFileType = image.png; path = ball_small.png; sourceTree = "<group>"; };
		CE7FE5431CA5915C00556AD5 /* Level14.sks */ = {isa = PBXFileReference; lastKnownFileType = file.sks; path = Level14.sks; sourceTree = "<group>"; };
		CE8378E51C9457E400E7CD88 /* DestinationNode.swift */ = {isa = PBXFileReference; fileEncoding = 4; lastKnownFileType = sourcecode.swift; path = DestinationNode.swift; sourceTree = "<group>"; };
		CE8378E91C94621B00E7CD88 /* Level1.sks */ = {isa = PBXFileReference; lastKnownFileType = file.sks; path = Level1.sks; sourceTree = "<group>"; };
		CE848D711CB26F5700C5569E /* Client+Convenience.swift */ = {isa = PBXFileReference; fileEncoding = 4; lastKnownFileType = sourcecode.swift; path = "Client+Convenience.swift"; sourceTree = "<group>"; };
		CE848D731CB2C23A00C5569E /* GameKit.framework */ = {isa = PBXFileReference; lastKnownFileType = wrapper.framework; name = GameKit.framework; path = System/Library/Frameworks/GameKit.framework; sourceTree = SDKROOT; };
		CE848D751CB2C46400C5569E /* Grid.entitlements */ = {isa = PBXFileReference; lastKnownFileType = text.xml; path = Grid.entitlements; sourceTree = "<group>"; };
		CE885BE51C9D6190005E1A15 /* PointButton.swift */ = {isa = PBXFileReference; fileEncoding = 4; lastKnownFileType = sourcecode.swift; path = PointButton.swift; sourceTree = "<group>"; };
		CE8A0BCE1C80BC95000ABFEA /* DetectComponent.swift */ = {isa = PBXFileReference; fileEncoding = 4; lastKnownFileType = sourcecode.swift; path = DetectComponent.swift; sourceTree = "<group>"; };
		CEA02EE51C9C304700DC9C38 /* LevelEditorScene.swift */ = {isa = PBXFileReference; fileEncoding = 4; lastKnownFileType = sourcecode.swift; path = LevelEditorScene.swift; sourceTree = "<group>"; };
		CEA8BC071C9AF74500C0133C /* LevelEditor.sks */ = {isa = PBXFileReference; lastKnownFileType = file.sks; path = LevelEditor.sks; sourceTree = "<group>"; };
		CEA8BC091C9B0C4F00C0133C /* SKButtonNode.swift */ = {isa = PBXFileReference; fileEncoding = 4; lastKnownFileType = sourcecode.swift; path = SKButtonNode.swift; sourceTree = "<group>"; };
		CEACA2A01CB9F41F003E35B9 /* GameKitHelper.swift */ = {isa = PBXFileReference; fileEncoding = 4; lastKnownFileType = sourcecode.swift; path = GameKitHelper.swift; sourceTree = "<group>"; };
		CEACA2A21CB9F594003E35B9 /* RoDotNavigationController.swift */ = {isa = PBXFileReference; fileEncoding = 4; lastKnownFileType = sourcecode.swift; path = RoDotNavigationController.swift; sourceTree = "<group>"; };
		CEBB4D401C87080D00D2174E /* RestrictedRotationPoint.swift */ = {isa = PBXFileReference; fileEncoding = 4; lastKnownFileType = sourcecode.swift; path = RestrictedRotationPoint.swift; sourceTree = "<group>"; };
		CEBB4D421C87094000D2174E /* RotatableRodCountComponent.swift */ = {isa = PBXFileReference; fileEncoding = 4; lastKnownFileType = sourcecode.swift; path = RotatableRodCountComponent.swift; sourceTree = "<group>"; };
		CEDA12E81CB4F23D00EAB73E /* FrameView.swift */ = {isa = PBXFileReference; fileEncoding = 4; lastKnownFileType = sourcecode.swift; path = FrameView.swift; sourceTree = "<group>"; };
		CEDA12E91CB4F23D00EAB73E /* HUD.swift */ = {isa = PBXFileReference; fileEncoding = 4; lastKnownFileType = sourcecode.swift; path = HUD.swift; sourceTree = "<group>"; };
		CEDA12EA1CB4F23D00EAB73E /* Images.xcassets */ = {isa = PBXFileReference; lastKnownFileType = folder.assetcatalog; path = Images.xcassets; sourceTree = "<group>"; };
		CEDA12EB1CB4F23D00EAB73E /* Info.plist */ = {isa = PBXFileReference; fileEncoding = 4; lastKnownFileType = text.plist.xml; path = Info.plist; sourceTree = "<group>"; };
		CEDA12EC1CB4F23D00EAB73E /* PKHUD.h */ = {isa = PBXFileReference; fileEncoding = 4; lastKnownFileType = sourcecode.c.h; path = PKHUD.h; sourceTree = "<group>"; };
		CEDA12ED1CB4F23D00EAB73E /* PKHUD.swift */ = {isa = PBXFileReference; fileEncoding = 4; lastKnownFileType = sourcecode.swift; path = PKHUD.swift; sourceTree = "<group>"; };
		CEDA12EE1CB4F23D00EAB73E /* PKHUDAnimating.swift */ = {isa = PBXFileReference; fileEncoding = 4; lastKnownFileType = sourcecode.swift; path = PKHUDAnimating.swift; sourceTree = "<group>"; };
		CEDA12EF1CB4F23D00EAB73E /* PKHUDAnimation.swift */ = {isa = PBXFileReference; fileEncoding = 4; lastKnownFileType = sourcecode.swift; path = PKHUDAnimation.swift; sourceTree = "<group>"; };
		CEDA12F01CB4F23D00EAB73E /* PKHUDAssets.swift */ = {isa = PBXFileReference; fileEncoding = 4; lastKnownFileType = sourcecode.swift; path = PKHUDAssets.swift; sourceTree = "<group>"; };
		CEDA12F11CB4F23D00EAB73E /* PKHUDErrorView.swift */ = {isa = PBXFileReference; fileEncoding = 4; lastKnownFileType = sourcecode.swift; path = PKHUDErrorView.swift; sourceTree = "<group>"; };
		CEDA12F21CB4F23D00EAB73E /* PKHUDProgressView.swift */ = {isa = PBXFileReference; fileEncoding = 4; lastKnownFileType = sourcecode.swift; path = PKHUDProgressView.swift; sourceTree = "<group>"; };
		CEDA12F31CB4F23D00EAB73E /* PKHUDRotatingImageView.swift */ = {isa = PBXFileReference; fileEncoding = 4; lastKnownFileType = sourcecode.swift; path = PKHUDRotatingImageView.swift; sourceTree = "<group>"; };
		CEDA12F41CB4F23D00EAB73E /* PKHUDSquareBaseView.swift */ = {isa = PBXFileReference; fileEncoding = 4; lastKnownFileType = sourcecode.swift; path = PKHUDSquareBaseView.swift; sourceTree = "<group>"; };
		CEDA12F51CB4F23D00EAB73E /* PKHUDSuccessView.swift */ = {isa = PBXFileReference; fileEncoding = 4; lastKnownFileType = sourcecode.swift; path = PKHUDSuccessView.swift; sourceTree = "<group>"; };
		CEDA12F61CB4F23D00EAB73E /* PKHUDSystemActivityIndicatorView.swift */ = {isa = PBXFileReference; fileEncoding = 4; lastKnownFileType = sourcecode.swift; path = PKHUDSystemActivityIndicatorView.swift; sourceTree = "<group>"; };
		CEDA12F71CB4F23D00EAB73E /* PKHUDTextView.swift */ = {isa = PBXFileReference; fileEncoding = 4; lastKnownFileType = sourcecode.swift; path = PKHUDTextView.swift; sourceTree = "<group>"; };
		CEDA12F81CB4F23D00EAB73E /* PKHUDWideBaseView.swift */ = {isa = PBXFileReference; fileEncoding = 4; lastKnownFileType = sourcecode.swift; path = PKHUDWideBaseView.swift; sourceTree = "<group>"; };
		CEDA12F91CB4F23D00EAB73E /* Window.swift */ = {isa = PBXFileReference; fileEncoding = 4; lastKnownFileType = sourcecode.swift; path = Window.swift; sourceTree = "<group>"; };
		CEDA12FA1CB4F23D00EAB73E /* WindowRootViewController.swift */ = {isa = PBXFileReference; fileEncoding = 4; lastKnownFileType = sourcecode.swift; path = WindowRootViewController.swift; sourceTree = "<group>"; };
		CEDC06191C7DC5E4000F9C52 /* RenderComponent.swift */ = {isa = PBXFileReference; fileEncoding = 4; lastKnownFileType = sourcecode.swift; path = RenderComponent.swift; sourceTree = "<group>"; };
		CEDC061B1C7DC6C1000F9C52 /* PhysicsComponent.swift */ = {isa = PBXFileReference; fileEncoding = 4; lastKnownFileType = sourcecode.swift; path = PhysicsComponent.swift; sourceTree = "<group>"; };
		CEDC061E1C7DC9EF000F9C52 /* GameplayConfiguration.swift */ = {isa = PBXFileReference; fileEncoding = 4; lastKnownFileType = sourcecode.swift; path = GameplayConfiguration.swift; sourceTree = "<group>"; };
		CEDC06201C7DCCFA000F9C52 /* ColliderType.swift */ = {isa = PBXFileReference; fileEncoding = 4; lastKnownFileType = sourcecode.swift; path = ColliderType.swift; sourceTree = "<group>"; };
		CEDC06231C7DE4E7000F9C52 /* Rod.swift */ = {isa = PBXFileReference; fileEncoding = 4; lastKnownFileType = sourcecode.swift; path = Rod.swift; sourceTree = "<group>"; };
		CEDC06251C7DEC11000F9C52 /* RotationPoint.swift */ = {isa = PBXFileReference; fileEncoding = 4; lastKnownFileType = sourcecode.swift; path = RotationPoint.swift; sourceTree = "<group>"; };
/* End PBXFileReference section */

/* Begin PBXFrameworksBuildPhase section */
		CE7DB7C91C68B64400AA358C /* Frameworks */ = {
			isa = PBXFrameworksBuildPhase;
			buildActionMask = 2147483647;
			files = (
				CE848D741CB2C23A00C5569E /* GameKit.framework in Frameworks */,
			);
			runOnlyForDeploymentPostprocessing = 0;
		};
		CE7DB7E11C68B64400AA358C /* Frameworks */ = {
			isa = PBXFrameworksBuildPhase;
			buildActionMask = 2147483647;
			files = (
			);
			runOnlyForDeploymentPostprocessing = 0;
		};
		CE7DB7EC1C68B64400AA358C /* Frameworks */ = {
			isa = PBXFrameworksBuildPhase;
			buildActionMask = 2147483647;
			files = (
			);
			runOnlyForDeploymentPostprocessing = 0;
		};
/* End PBXFrameworksBuildPhase section */

/* Begin PBXGroup section */
		CE12AE0D1C85BF8E00E876FF /* SceneState */ = {
			isa = PBXGroup;
			children = (
				CE0C76F01C8BD4C3002CBF23 /* LevelSceneActiveState.swift */,
				CE0C76F21C8BD4ED002CBF23 /* LevelSceneFailState.swift */,
				CE0C76F41C8BD54A002CBF23 /* LevelSceneSuccessState.swift */,
			);
			name = SceneState;
			sourceTree = "<group>";
		};
		CE16AB951CAC376900A42545 /* CoreData */ = {
			isa = PBXGroup;
			children = (
				CE16AB931CAC356000A42545 /* CoreDataStack.swift */,
				CE16AB991CAC38EA00A42545 /* LevelsData.xcdatamodeld */,
				CE1627C51CACF9A90059DC89 /* Level+CoreDataProperties.swift */,
				CE1627C61CACF9A90059DC89 /* Level.swift */,
				CE1627C71CACF9A90059DC89 /* Node+CoreDataProperties.swift */,
				CE1627C81CACF9A90059DC89 /* Node.swift */,
			);
			name = CoreData;
			sourceTree = "<group>";
		};
		CE1B1E161C770908000FDE5E /* Scenes */ = {
			isa = PBXGroup;
			children = (
				CE7FDBD81CA2FA14008616D4 /* Levels */,
				CE12AE0D1C85BF8E00E876FF /* SceneState */,
				CE69437E1CA654310038CBB4 /* SceneLayerProtocol.swift */,
				CE6665B61C8349F90079F1C0 /* LevelScene.swift */,
				CE6943801CA65FB80038CBB4 /* StartScene */,
				CE0B730D1C96E44A00009B6B /* PointNodeType.swift */,
				CE1627CD1CACFAF10059DC89 /* NodeType.swift */,
				CE1B1E171C770964000FDE5E /* Level.sks */,
				CE6943811CA6600B0038CBB4 /* EditScene */,
				CE6943821CA676DB0038CBB4 /* SceneManager.swift */,
			);
			name = Scenes;
			sourceTree = "<group>";
		};
		CE6643C21C81A12500A6F0D4 /* PointState */ = {
			isa = PBXGroup;
			children = (
				CE6643C01C81A05700A6F0D4 /* PointCheckingState.swift */,
				CE6643C31C81A14F00A6F0D4 /* PointLockedState.swift */,
				CE6643C51C81A17300A6F0D4 /* PointUnlockedState.swift */,
				CE6643C71C81A27700A6F0D4 /* PointRotatingState.swift */,
				CE0C76F81C8C0EAE002CBF23 /* PointTranslatingState.swift */,
				CE12AE161C85D80600E876FF /* PointLockedForeverState.swift */,
			);
			name = PointState;
			sourceTree = "<group>";
		};
		CE66F67B1C6B839E00E08955 /* Nodes */ = {
			isa = PBXGroup;
			children = (
				CE1E7A441CA2B81900BFD61B /* StartBallNode.swift */,
				CE66F67C1C6B83B200E08955 /* RodNode.swift */,
				CE66F67E1C6B8E0700E08955 /* RotationPointNode.swift */,
				CE1B1E141C76F244000FDE5E /* BallNode.swift */,
				CE27767E1C90625200B5FA7F /* IceBallNode.swift */,
				CE6576121C7A056700EA2348 /* TransferNode.swift */,
				CE8378E51C9457E400E7CD88 /* DestinationNode.swift */,
				CEA8BC091C9B0C4F00C0133C /* SKButtonNode.swift */,
				CE885BE51C9D6190005E1A15 /* PointButton.swift */,
				CE66F6821C6B956C00E08955 /* PointNodeState */,
			);
			name = Nodes;
			sourceTree = "<group>";
		};
		CE66F6821C6B956C00E08955 /* PointNodeState */ = {
			isa = PBXGroup;
			children = (
				CE66F6831C6B975900E08955 /* Checking.swift */,
				CE66F6851C6BA4AF00E08955 /* Locked.swift */,
				CE66F6871C6BA51F00E08955 /* Unlocked.swift */,
				CE66F6891C6BA6DC00E08955 /* Rotating.swift */,
			);
			name = PointNodeState;
			sourceTree = "<group>";
		};
		CE6943801CA65FB80038CBB4 /* StartScene */ = {
			isa = PBXGroup;
			children = (
				CE1E7A401CA29F0600BFD61B /* StartScene.swift */,
				CE1E7A421CA2A00B00BFD61B /* StartScene.sks */,
				CE7FDBD91CA2FA5D008616D4 /* ThemeTitles.sks */,
				CE7FDBDC1CA2FF1C008616D4 /* ball_scaleUp.sks */,
				CE63145C1CA4075D00624822 /* ball_scaleDown.sks */,
				CE7FDBDF1CA30244008616D4 /* ball_small.png */,
			);
			name = StartScene;
			sourceTree = "<group>";
		};
		CE6943811CA6600B0038CBB4 /* EditScene */ = {
			isa = PBXGroup;
			children = (
				CE5244CE1CA00B16000DADF5 /* LevelEditPlayScene.swift */,
				CEA02EE51C9C304700DC9C38 /* LevelEditorScene.swift */,
				CEA8BC071C9AF74500C0133C /* LevelEditor.sks */,
				CE68B3F01C9E7E4100AA18A7 /* ComponentChoose.sks */,
				CE68B3F21C9EEB1C00AA18A7 /* LevelEmpty.sks */,
				CE1627CF1CAD188D0059DC89 /* LevelEdirorScene.sks */,
			);
			name = EditScene;
			sourceTree = "<group>";
		};
		CE6AE3D41CB17CBF00B833C4 /* Clients */ = {
			isa = PBXGroup;
			children = (
				CE6AE3D51CB17E7400B833C4 /* Client.swift */,
				CE6AE3D91CB1826900B833C4 /* Client+Constant.swift */,
				CE848D711CB26F5700C5569E /* Client+Convenience.swift */,
			);
			name = Clients;
			sourceTree = "<group>";
		};
		CE7641FC1CB035290031080A /* ThirdPart */ = {
			isa = PBXGroup;
			children = (
				CEDA12E71CB4F23D00EAB73E /* PKHUD */,
				CE7641FD1CB0353B0031080A /* SwiftyJSON.swift */,
			);
			name = ThirdPart;
			sourceTree = "<group>";
		};
		CE7DB7C31C68B64400AA358C = {
			isa = PBXGroup;
			children = (
				CE848D731CB2C23A00C5569E /* GameKit.framework */,
				CE7DB7CE1C68B64400AA358C /* Grid */,
				CE7DB7E71C68B64400AA358C /* GridTests */,
				CE7DB7F21C68B64400AA358C /* GridUITests */,
				CE7DB7CD1C68B64400AA358C /* Products */,
			);
			sourceTree = "<group>";
		};
		CE7DB7CD1C68B64400AA358C /* Products */ = {
			isa = PBXGroup;
			children = (
				CE7DB7CC1C68B64400AA358C /* Grid.app */,
				CE7DB7E41C68B64400AA358C /* GridTests.xctest */,
				CE7DB7EF1C68B64400AA358C /* GridUITests.xctest */,
			);
			name = Products;
			sourceTree = "<group>";
		};
		CE7DB7CE1C68B64400AA358C /* Grid */ = {
			isa = PBXGroup;
			children = (
				CE848D751CB2C46400C5569E /* Grid.entitlements */,
				CEACA29F1CB9F3F0003E35B9 /* GameCenter */,
				CE6AE3D41CB17CBF00B833C4 /* Clients */,
				CE7641FC1CB035290031080A /* ThirdPart */,
				CE16AB951CAC376900A42545 /* CoreData */,
				CEDC061D1C7DC9CA000F9C52 /* Entities */,
				CEDC06181C7DC5A6000F9C52 /* Components */,
				CE1B1E161C770908000FDE5E /* Scenes */,
				CE66F67B1C6B839E00E08955 /* Nodes */,
				CEDC06221C7DCDE5000F9C52 /* PhysicsColider */,
				CE66F6801C6B8E3900E08955 /* GridGraph.swift */,
				CE7DB7CF1C68B64400AA358C /* AppDelegate.swift */,
				CE7DB7D11C68B64400AA358C /* GameScene.sks */,
				CE7DB7D31C68B64400AA358C /* GameScene.swift */,
				CE7DB7D51C68B64400AA358C /* GameViewController.swift */,
				CE1627D11CAD47C20059DC89 /* DIYLevelsViewController.swift */,
				CE7DB7D71C68B64400AA358C /* Main.storyboard */,
				CE7DB7DA1C68B64400AA358C /* Assets.xcassets */,
				CE7DB7DC1C68B64400AA358C /* LaunchScreen.storyboard */,
				CE7DB7DF1C68B64400AA358C /* Info.plist */,
				CE7DB8011C68D74C00AA358C /* SKTUtils */,
			);
			path = Grid;
			sourceTree = "<group>";
		};
		CE7DB7E71C68B64400AA358C /* GridTests */ = {
			isa = PBXGroup;
			children = (
				CE7DB7E81C68B64400AA358C /* GridTests.swift */,
				CE7DB7EA1C68B64400AA358C /* Info.plist */,
			);
			path = GridTests;
			sourceTree = "<group>";
		};
		CE7DB7F21C68B64400AA358C /* GridUITests */ = {
			isa = PBXGroup;
			children = (
				CE7DB7F31C68B64400AA358C /* GridUITests.swift */,
				CE7DB7F51C68B64400AA358C /* Info.plist */,
			);
			path = GridUITests;
			sourceTree = "<group>";
		};
		CE7DB8011C68D74C00AA358C /* SKTUtils */ = {
			isa = PBXGroup;
			children = (
				CE7DB8021C68D74C00AA358C /* CGFloat+Extensions.swift */,
				CE7DB8031C68D74C00AA358C /* CGPoint+Extensions.swift */,
				CE7DB8041C68D74C00AA358C /* CGVector+Extensions.swift */,
				CE7DB8051C68D74C00AA358C /* Int+Extensions.swift */,
				CE7DB8061C68D74C00AA358C /* SKAction+Extensions.swift */,
				CE7DB8071C68D74C00AA358C /* SKAction+SpecialEffects.swift */,
				CE7DB8081C68D74C00AA358C /* SKColor+Extensions.swift */,
				CE7DB8091C68D74C00AA358C /* SKNode+Extensions.swift */,
				CE7DB80A1C68D74C00AA358C /* SKTAudio.swift */,
				CE7DB80B1C68D74C00AA358C /* SKTEffects.swift */,
				CE7DB80C1C68D74C00AA358C /* SKTTimingFunctions.swift */,
				CE7DB80D1C68D74C00AA358C /* Vector3.swift */,
			);
			path = SKTUtils;
			sourceTree = "<group>";
		};
		CE7FDBD81CA2FA14008616D4 /* Levels */ = {
			isa = PBXGroup;
			children = (
				CE8378E91C94621B00E7CD88 /* Level1.sks */,
				CE4BEA021C95670D004DCDB5 /* Level2.sks */,
				CE4BEA041C95886B004DCDB5 /* Level3.sks */,
				CE4BEA061C958DE5004DCDB5 /* Level4.sks */,
				CE5203F51C97D06B000EA721 /* Level5.sks */,
				CE0B730B1C96C5B900009B6B /* Level6.sks */,
				CE21F2621C95B20D00C39D58 /* Level7.sks */,
				CE787F7F1CA0D0FD0026807B /* Level8.sks */,
				CE787F831CA0DCE20026807B /* Level9.sks */,
				CE787F811CA0D5BC0026807B /* Level10.sks */,
				CE787F851CA0E1910026807B /* Level11.sks */,
				CE787F871CA0E4DB0026807B /* Level12.sks */,
				CE787F891CA0EADA0026807B /* Level13.sks */,
				CE7FE5431CA5915C00556AD5 /* Level14.sks */,
				CE787F8F1CA0F4450026807B /* Level15.sks */,
				CE787F911CA105A10026807B /* Level16.sks */,
				CE787F931CA107990026807B /* Level17.sks */,
				CE787F951CA10D270026807B /* Level18.sks */,
				CE787F971CA10D960026807B /* Level19.sks */,
				CE787F8B1CA0EEA70026807B /* Level20.sks */,
			);
			name = Levels;
			sourceTree = "<group>";
		};
		CEACA29F1CB9F3F0003E35B9 /* GameCenter */ = {
			isa = PBXGroup;
			children = (
				CEACA2A01CB9F41F003E35B9 /* GameKitHelper.swift */,
				CEACA2A21CB9F594003E35B9 /* RoDotNavigationController.swift */,
			);
			name = GameCenter;
			sourceTree = "<group>";
		};
		CEDA12E71CB4F23D00EAB73E /* PKHUD */ = {
			isa = PBXGroup;
			children = (
				CEDA12E81CB4F23D00EAB73E /* FrameView.swift */,
				CEDA12E91CB4F23D00EAB73E /* HUD.swift */,
				CEDA12EA1CB4F23D00EAB73E /* Images.xcassets */,
				CEDA12EB1CB4F23D00EAB73E /* Info.plist */,
				CEDA12EC1CB4F23D00EAB73E /* PKHUD.h */,
				CEDA12ED1CB4F23D00EAB73E /* PKHUD.swift */,
				CEDA12EE1CB4F23D00EAB73E /* PKHUDAnimating.swift */,
				CEDA12EF1CB4F23D00EAB73E /* PKHUDAnimation.swift */,
				CEDA12F01CB4F23D00EAB73E /* PKHUDAssets.swift */,
				CEDA12F11CB4F23D00EAB73E /* PKHUDErrorView.swift */,
				CEDA12F21CB4F23D00EAB73E /* PKHUDProgressView.swift */,
				CEDA12F31CB4F23D00EAB73E /* PKHUDRotatingImageView.swift */,
				CEDA12F41CB4F23D00EAB73E /* PKHUDSquareBaseView.swift */,
				CEDA12F51CB4F23D00EAB73E /* PKHUDSuccessView.swift */,
				CEDA12F61CB4F23D00EAB73E /* PKHUDSystemActivityIndicatorView.swift */,
				CEDA12F71CB4F23D00EAB73E /* PKHUDTextView.swift */,
				CEDA12F81CB4F23D00EAB73E /* PKHUDWideBaseView.swift */,
				CEDA12F91CB4F23D00EAB73E /* Window.swift */,
				CEDA12FA1CB4F23D00EAB73E /* WindowRootViewController.swift */,
			);
			path = PKHUD;
			sourceTree = "<group>";
		};
		CEDC06181C7DC5A6000F9C52 /* Components */ = {
			isa = PBXGroup;
			children = (
				CEDC06191C7DC5E4000F9C52 /* RenderComponent.swift */,
				CEDC061B1C7DC6C1000F9C52 /* PhysicsComponent.swift */,
				CE164FC81C7F32C0005BD8EB /* OrientationComponent.swift */,
				CE164FC61C7F2759005BD8EB /* MoveComponent.swift */,
				CE8A0BCE1C80BC95000ABFEA /* DetectComponent.swift */,
				CE6643BC1C81889700A6F0D4 /* RelateComponent.swift */,
				CE6643BE1C819E9500A6F0D4 /* IntelligenceComponent.swift */,
				CE6643C91C81FEC900A6F0D4 /* InputComponent.swift */,
				CEBB4D421C87094000D2174E /* RotatableRodCountComponent.swift */,
				CE1E9AF81C8E85580012F3F8 /* TransferComponent.swift */,
				CE2776741C8FF68700B5FA7F /* ClockwiseComponent.swift */,
				CE21F2641C95CEBE00C39D58 /* RotateCountComponent.swift */,
				CE27767C1C90597900B5FA7F /* FreezableComponent.swift */,
				CE2776801C9065CE00B5FA7F /* FreezableProtocol.swift */,
				CE6643C21C81A12500A6F0D4 /* PointState */,
			);
			name = Components;
			sourceTree = "<group>";
		};
		CEDC061D1C7DC9CA000F9C52 /* Entities */ = {
			isa = PBXGroup;
			children = (
				CEDC06231C7DE4E7000F9C52 /* Rod.swift */,
				CE12AE1A1C85D99B00E876FF /* BasePointEntity.swift */,
				CEDC06251C7DEC11000F9C52 /* RotationPoint.swift */,
				CE0C76F61C8C0E5A002CBF23 /* TranslationPoint.swift */,
				CEBB4D401C87080D00D2174E /* RestrictedRotationPoint.swift */,
				CE12AE141C85D76D00E876FF /* StaticPoint.swift */,
				CE637FF71C8EEEDF005FB30D /* Transfer.swift */,
				CE2776761C8FFE7D00B5FA7F /* ClockwiseRotationPoint.swift */,
				CE27767A1C9006E300B5FA7F /* ClockwiseRescritedRPoint.swift */,
				CEDC061E1C7DC9EF000F9C52 /* GameplayConfiguration.swift */,
			);
			name = Entities;
			sourceTree = "<group>";
		};
		CEDC06221C7DCDE5000F9C52 /* PhysicsColider */ = {
			isa = PBXGroup;
			children = (
				CEDC06201C7DCCFA000F9C52 /* ColliderType.swift */,
				CE6C04911C699C2C0082068B /* ProtocolAndCommon.swift */,
			);
			name = PhysicsColider;
			sourceTree = "<group>";
		};
/* End PBXGroup section */

/* Begin PBXNativeTarget section */
		CE7DB7CB1C68B64400AA358C /* Grid */ = {
			isa = PBXNativeTarget;
			buildConfigurationList = CE7DB7F81C68B64400AA358C /* Build configuration list for PBXNativeTarget "Grid" */;
			buildPhases = (
				CE7DB7C81C68B64400AA358C /* Sources */,
				CE7DB7C91C68B64400AA358C /* Frameworks */,
				CE7DB7CA1C68B64400AA358C /* Resources */,
			);
			buildRules = (
			);
			dependencies = (
			);
			name = Grid;
			productName = Grid;
			productReference = CE7DB7CC1C68B64400AA358C /* Grid.app */;
			productType = "com.apple.product-type.application";
		};
		CE7DB7E31C68B64400AA358C /* GridTests */ = {
			isa = PBXNativeTarget;
			buildConfigurationList = CE7DB7FB1C68B64400AA358C /* Build configuration list for PBXNativeTarget "GridTests" */;
			buildPhases = (
				CE7DB7E01C68B64400AA358C /* Sources */,
				CE7DB7E11C68B64400AA358C /* Frameworks */,
				CE7DB7E21C68B64400AA358C /* Resources */,
			);
			buildRules = (
			);
			dependencies = (
				CE7DB7E61C68B64400AA358C /* PBXTargetDependency */,
			);
			name = GridTests;
			productName = GridTests;
			productReference = CE7DB7E41C68B64400AA358C /* GridTests.xctest */;
			productType = "com.apple.product-type.bundle.unit-test";
		};
		CE7DB7EE1C68B64400AA358C /* GridUITests */ = {
			isa = PBXNativeTarget;
			buildConfigurationList = CE7DB7FE1C68B64400AA358C /* Build configuration list for PBXNativeTarget "GridUITests" */;
			buildPhases = (
				CE7DB7EB1C68B64400AA358C /* Sources */,
				CE7DB7EC1C68B64400AA358C /* Frameworks */,
				CE7DB7ED1C68B64400AA358C /* Resources */,
			);
			buildRules = (
			);
			dependencies = (
				CE7DB7F11C68B64400AA358C /* PBXTargetDependency */,
			);
			name = GridUITests;
			productName = GridUITests;
			productReference = CE7DB7EF1C68B64400AA358C /* GridUITests.xctest */;
			productType = "com.apple.product-type.bundle.ui-testing";
		};
/* End PBXNativeTarget section */

/* Begin PBXProject section */
		CE7DB7C41C68B64400AA358C /* Project object */ = {
			isa = PBXProject;
			attributes = {
				LastSwiftUpdateCheck = 0720;
				LastUpgradeCheck = 0720;
				ORGANIZATIONNAME = Nero;
				TargetAttributes = {
					CE7DB7CB1C68B64400AA358C = {
						CreatedOnToolsVersion = 7.2;
						DevelopmentTeam = WLUW25LQLS;
						SystemCapabilities = {
							com.apple.GameCenter = {
								enabled = 1;
							};
							com.apple.SafariKeychain = {
								enabled = 1;
							};
						};
					};
					CE7DB7E31C68B64400AA358C = {
						CreatedOnToolsVersion = 7.2;
						TestTargetID = CE7DB7CB1C68B64400AA358C;
					};
					CE7DB7EE1C68B64400AA358C = {
						CreatedOnToolsVersion = 7.2;
						TestTargetID = CE7DB7CB1C68B64400AA358C;
					};
				};
			};
			buildConfigurationList = CE7DB7C71C68B64400AA358C /* Build configuration list for PBXProject "Grid" */;
			compatibilityVersion = "Xcode 3.2";
			developmentRegion = English;
			hasScannedForEncodings = 0;
			knownRegions = (
				en,
				Base,
			);
			mainGroup = CE7DB7C31C68B64400AA358C;
			productRefGroup = CE7DB7CD1C68B64400AA358C /* Products */;
			projectDirPath = "";
			projectRoot = "";
			targets = (
				CE7DB7CB1C68B64400AA358C /* Grid */,
				CE7DB7E31C68B64400AA358C /* GridTests */,
				CE7DB7EE1C68B64400AA358C /* GridUITests */,
			);
		};
/* End PBXProject section */

/* Begin PBXResourcesBuildPhase section */
		CE7DB7CA1C68B64400AA358C /* Resources */ = {
			isa = PBXResourcesBuildPhase;
			buildActionMask = 2147483647;
			files = (
				CE787F901CA0F4450026807B /* Level15.sks in Resources */,
				CE787F8A1CA0EADA0026807B /* Level13.sks in Resources */,
				CE7DB7D21C68B64400AA358C /* GameScene.sks in Resources */,
				CE787F961CA10D270026807B /* Level18.sks in Resources */,
				CE787F981CA10D960026807B /* Level19.sks in Resources */,
				CE68B3F31C9EEB1C00AA18A7 /* LevelEmpty.sks in Resources */,
				CE7DB7DE1C68B64400AA358C /* LaunchScreen.storyboard in Resources */,
				CE787F821CA0D5BC0026807B /* Level10.sks in Resources */,
				CE1627D01CAD188D0059DC89 /* LevelEdirorScene.sks in Resources */,
				CE8378EA1C94621B00E7CD88 /* Level1.sks in Resources */,
				CE7FDBDE1CA2FF1C008616D4 /* ball_scaleUp.sks in Resources */,
				CEA8BC081C9AF74500C0133C /* LevelEditor.sks in Resources */,
				CE787F841CA0DCE20026807B /* Level9.sks in Resources */,
				CE63145D1CA4075D00624822 /* ball_scaleDown.sks in Resources */,
				CE7DB7DB1C68B64400AA358C /* Assets.xcassets in Resources */,
				CE21F2631C95B20D00C39D58 /* Level7.sks in Resources */,
				CEDA12FD1CB4F23D00EAB73E /* Images.xcassets in Resources */,
				CE1E7A431CA2A00B00BFD61B /* StartScene.sks in Resources */,
				CE4BEA051C95886B004DCDB5 /* Level3.sks in Resources */,
				CE787F8C1CA0EEA70026807B /* Level20.sks in Resources */,
				CEDA12FE1CB4F23D00EAB73E /* Info.plist in Resources */,
				CE787F941CA107990026807B /* Level17.sks in Resources */,
				CE0B730C1C96C5B900009B6B /* Level6.sks in Resources */,
				CE7FDBE01CA30244008616D4 /* ball_small.png in Resources */,
				CE787F801CA0D0FD0026807B /* Level8.sks in Resources */,
				CE7FDBDA1CA2FA5D008616D4 /* ThemeTitles.sks in Resources */,
				CE7DB7D91C68B64400AA358C /* Main.storyboard in Resources */,
				CE7FE5441CA5915C00556AD5 /* Level14.sks in Resources */,
				CE787F861CA0E1910026807B /* Level11.sks in Resources */,
				CE787F921CA105A10026807B /* Level16.sks in Resources */,
				CE5203F61C97D06B000EA721 /* Level5.sks in Resources */,
				CE68B3F11C9E7E4100AA18A7 /* ComponentChoose.sks in Resources */,
				CE4BEA031C95670D004DCDB5 /* Level2.sks in Resources */,
				CE787F881CA0E4DB0026807B /* Level12.sks in Resources */,
				CE1B1E181C770964000FDE5E /* Level.sks in Resources */,
				CE4BEA071C958DE5004DCDB5 /* Level4.sks in Resources */,
			);
			runOnlyForDeploymentPostprocessing = 0;
		};
		CE7DB7E21C68B64400AA358C /* Resources */ = {
			isa = PBXResourcesBuildPhase;
			buildActionMask = 2147483647;
			files = (
			);
			runOnlyForDeploymentPostprocessing = 0;
		};
		CE7DB7ED1C68B64400AA358C /* Resources */ = {
			isa = PBXResourcesBuildPhase;
			buildActionMask = 2147483647;
			files = (
			);
			runOnlyForDeploymentPostprocessing = 0;
		};
/* End PBXResourcesBuildPhase section */

/* Begin PBXSourcesBuildPhase section */
		CE7DB7C81C68B64400AA358C /* Sources */ = {
			isa = PBXSourcesBuildPhase;
			buildActionMask = 2147483647;
			files = (
				CE7DB7D41C68B64400AA358C /* GameScene.swift in Sources */,
				CEDC061A1C7DC5E4000F9C52 /* RenderComponent.swift in Sources */,
				CE6576131C7A056700EA2348 /* TransferNode.swift in Sources */,
				CE66F6811C6B8E3900E08955 /* GridGraph.swift in Sources */,
				CEACA2A31CB9F594003E35B9 /* RoDotNavigationController.swift in Sources */,
				CE27767D1C90597900B5FA7F /* FreezableComponent.swift in Sources */,
				CE6643C41C81A14F00A6F0D4 /* PointLockedState.swift in Sources */,
				CE6643BF1C819E9500A6F0D4 /* IntelligenceComponent.swift in Sources */,
				CEDC061C1C7DC6C1000F9C52 /* PhysicsComponent.swift in Sources */,
				CEBB4D411C87080D00D2174E /* RestrictedRotationPoint.swift in Sources */,
				CEDA13051CB4F23D00EAB73E /* PKHUDRotatingImageView.swift in Sources */,
				CEDA13091CB4F23D00EAB73E /* PKHUDTextView.swift in Sources */,
				CE1627CB1CACF9A90059DC89 /* Node+CoreDataProperties.swift in Sources */,
				CE848D721CB26F5700C5569E /* Client+Convenience.swift in Sources */,
				CE164FC91C7F32C0005BD8EB /* OrientationComponent.swift in Sources */,
				CEDA12FB1CB4F23D00EAB73E /* FrameView.swift in Sources */,
				CE6C04921C699C2C0082068B /* ProtocolAndCommon.swift in Sources */,
				CE7DB80F1C68D74C00AA358C /* CGPoint+Extensions.swift in Sources */,
				CE7DB8181C68D74C00AA358C /* SKTTimingFunctions.swift in Sources */,
				CEA8BC0A1C9B0C4F00C0133C /* SKButtonNode.swift in Sources */,
				CE885BE61C9D6190005E1A15 /* PointButton.swift in Sources */,
				CE66F67D1C6B83B200E08955 /* RodNode.swift in Sources */,
				CE6AE3D61CB17E7400B833C4 /* Client.swift in Sources */,
				CE6643C61C81A17300A6F0D4 /* PointUnlockedState.swift in Sources */,
				CE7DB8171C68D74C00AA358C /* SKTEffects.swift in Sources */,
				CEDC061F1C7DC9EF000F9C52 /* GameplayConfiguration.swift in Sources */,
				CEDC06211C7DCCFA000F9C52 /* ColliderType.swift in Sources */,
				CEDC06261C7DEC11000F9C52 /* RotationPoint.swift in Sources */,
				CE66F67F1C6B8E0700E08955 /* RotationPointNode.swift in Sources */,
				CE6943831CA676DB0038CBB4 /* SceneManager.swift in Sources */,
				CE69437F1CA654310038CBB4 /* SceneLayerProtocol.swift in Sources */,
				CE6643CA1C81FEC900A6F0D4 /* InputComponent.swift in Sources */,
				CE0C76F91C8C0EAE002CBF23 /* PointTranslatingState.swift in Sources */,
				CEDA130A1CB4F23D00EAB73E /* PKHUDWideBaseView.swift in Sources */,
				CEDC06241C7DE4E7000F9C52 /* Rod.swift in Sources */,
				CE6643BD1C81889700A6F0D4 /* RelateComponent.swift in Sources */,
				CE2776811C9065CE00B5FA7F /* FreezableProtocol.swift in Sources */,
				CEDA13041CB4F23D00EAB73E /* PKHUDProgressView.swift in Sources */,
				CE66F68A1C6BA6DC00E08955 /* Rotating.swift in Sources */,
				CE7DB8131C68D74C00AA358C /* SKAction+SpecialEffects.swift in Sources */,
				CEDA13011CB4F23D00EAB73E /* PKHUDAnimation.swift in Sources */,
				CE12AE151C85D76D00E876FF /* StaticPoint.swift in Sources */,
				CE0C76F31C8BD4ED002CBF23 /* LevelSceneFailState.swift in Sources */,
				CE0C76F11C8BD4C3002CBF23 /* LevelSceneActiveState.swift in Sources */,
				CE7DB8101C68D74C00AA358C /* CGVector+Extensions.swift in Sources */,
				CE7DB8121C68D74C00AA358C /* SKAction+Extensions.swift in Sources */,
				CE6AE3DA1CB1826900B833C4 /* Client+Constant.swift in Sources */,
				CE7DB8141C68D74C00AA358C /* SKColor+Extensions.swift in Sources */,
				CE1E7A411CA29F0600BFD61B /* StartScene.swift in Sources */,
				CE7DB7D61C68B64400AA358C /* GameViewController.swift in Sources */,
				CE16AB941CAC356000A42545 /* CoreDataStack.swift in Sources */,
				CE16AB9B1CAC38EA00A42545 /* LevelsData.xcdatamodeld in Sources */,
				CEDA130B1CB4F23D00EAB73E /* Window.swift in Sources */,
				CE12AE1B1C85D99B00E876FF /* BasePointEntity.swift in Sources */,
				CE7641FE1CB0353B0031080A /* SwiftyJSON.swift in Sources */,
				CE7DB8111C68D74C00AA358C /* Int+Extensions.swift in Sources */,
				CE0C76F51C8BD54A002CBF23 /* LevelSceneSuccessState.swift in Sources */,
				CE1627CE1CACFAF10059DC89 /* NodeType.swift in Sources */,
				CE66F6861C6BA4AF00E08955 /* Locked.swift in Sources */,
				CEA02EE61C9C304700DC9C38 /* LevelEditorScene.swift in Sources */,
				CE0C76F71C8C0E5A002CBF23 /* TranslationPoint.swift in Sources */,
				CE8378E61C9457E400E7CD88 /* DestinationNode.swift in Sources */,
				CE1627C91CACF9A90059DC89 /* Level+CoreDataProperties.swift in Sources */,
				CE21F2651C95CEBE00C39D58 /* RotateCountComponent.swift in Sources */,
				CE7DB8151C68D74C00AA358C /* SKNode+Extensions.swift in Sources */,
				CEDA13071CB4F23D00EAB73E /* PKHUDSuccessView.swift in Sources */,
				CE164FC71C7F2759005BD8EB /* MoveComponent.swift in Sources */,
				CE66F6881C6BA51F00E08955 /* Unlocked.swift in Sources */,
				CE1B1E151C76F244000FDE5E /* BallNode.swift in Sources */,
				CE12AE171C85D80600E876FF /* PointLockedForeverState.swift in Sources */,
				CEDA13061CB4F23D00EAB73E /* PKHUDSquareBaseView.swift in Sources */,
				CE0B730E1C96E44A00009B6B /* PointNodeType.swift in Sources */,
				CEDA130C1CB4F23D00EAB73E /* WindowRootViewController.swift in Sources */,
				CEDA13021CB4F23D00EAB73E /* PKHUDAssets.swift in Sources */,
				CE1E7A451CA2B81900BFD61B /* StartBallNode.swift in Sources */,
				CEBB4D431C87094000D2174E /* RotatableRodCountComponent.swift in Sources */,
				CE1E9AF91C8E85580012F3F8 /* TransferComponent.swift in Sources */,
				CEACA2A11CB9F41F003E35B9 /* GameKitHelper.swift in Sources */,
				CEDA12FC1CB4F23D00EAB73E /* HUD.swift in Sources */,
				CE6665B71C8349F90079F1C0 /* LevelScene.swift in Sources */,
				CE27767B1C9006E300B5FA7F /* ClockwiseRescritedRPoint.swift in Sources */,
				CE2776751C8FF68700B5FA7F /* ClockwiseComponent.swift in Sources */,
				CE27767F1C90625200B5FA7F /* IceBallNode.swift in Sources */,
				CE1627CA1CACF9A90059DC89 /* Level.swift in Sources */,
				CE6643C11C81A05700A6F0D4 /* PointCheckingState.swift in Sources */,
				CE7DB8161C68D74C00AA358C /* SKTAudio.swift in Sources */,
				CE66F6841C6B975900E08955 /* Checking.swift in Sources */,
				CE8A0BCF1C80BC95000ABFEA /* DetectComponent.swift in Sources */,
				CEDA13081CB4F23D00EAB73E /* PKHUDSystemActivityIndicatorView.swift in Sources */,
				CE1627CC1CACF9A90059DC89 /* Node.swift in Sources */,
				CE7DB80E1C68D74C00AA358C /* CGFloat+Extensions.swift in Sources */,
				CE7DB8191C68D74C00AA358C /* Vector3.swift in Sources */,
				CE6643C81C81A27700A6F0D4 /* PointRotatingState.swift in Sources */,
				CE5244CF1CA00B16000DADF5 /* LevelEditPlayScene.swift in Sources */,
				CE2776771C8FFE7D00B5FA7F /* ClockwiseRotationPoint.swift in Sources */,
				CEDA13031CB4F23D00EAB73E /* PKHUDErrorView.swift in Sources */,
				CEDA13001CB4F23D00EAB73E /* PKHUDAnimating.swift in Sources */,
				CE637FF81C8EEEDF005FB30D /* Transfer.swift in Sources */,
				CE7DB7D01C68B64400AA358C /* AppDelegate.swift in Sources */,
				CEDA12FF1CB4F23D00EAB73E /* PKHUD.swift in Sources */,
				CE1627D21CAD47C20059DC89 /* DIYLevelsViewController.swift in Sources */,
			);
			runOnlyForDeploymentPostprocessing = 0;
		};
		CE7DB7E01C68B64400AA358C /* Sources */ = {
			isa = PBXSourcesBuildPhase;
			buildActionMask = 2147483647;
			files = (
				CE7DB7E91C68B64400AA358C /* GridTests.swift in Sources */,
			);
			runOnlyForDeploymentPostprocessing = 0;
		};
		CE7DB7EB1C68B64400AA358C /* Sources */ = {
			isa = PBXSourcesBuildPhase;
			buildActionMask = 2147483647;
			files = (
				CE7DB7F41C68B64400AA358C /* GridUITests.swift in Sources */,
			);
			runOnlyForDeploymentPostprocessing = 0;
		};
/* End PBXSourcesBuildPhase section */

/* Begin PBXTargetDependency section */
		CE7DB7E61C68B64400AA358C /* PBXTargetDependency */ = {
			isa = PBXTargetDependency;
			target = CE7DB7CB1C68B64400AA358C /* Grid */;
			targetProxy = CE7DB7E51C68B64400AA358C /* PBXContainerItemProxy */;
		};
		CE7DB7F11C68B64400AA358C /* PBXTargetDependency */ = {
			isa = PBXTargetDependency;
			target = CE7DB7CB1C68B64400AA358C /* Grid */;
			targetProxy = CE7DB7F01C68B64400AA358C /* PBXContainerItemProxy */;
		};
/* End PBXTargetDependency section */

/* Begin PBXVariantGroup section */
		CE7DB7D71C68B64400AA358C /* Main.storyboard */ = {
			isa = PBXVariantGroup;
			children = (
				CE7DB7D81C68B64400AA358C /* Base */,
			);
			name = Main.storyboard;
			sourceTree = "<group>";
		};
		CE7DB7DC1C68B64400AA358C /* LaunchScreen.storyboard */ = {
			isa = PBXVariantGroup;
			children = (
				CE7DB7DD1C68B64400AA358C /* Base */,
			);
			name = LaunchScreen.storyboard;
			sourceTree = "<group>";
		};
/* End PBXVariantGroup section */

/* Begin XCBuildConfiguration section */
		CE7DB7F61C68B64400AA358C /* Debug */ = {
			isa = XCBuildConfiguration;
			buildSettings = {
				ALWAYS_SEARCH_USER_PATHS = NO;
				CLANG_CXX_LANGUAGE_STANDARD = "gnu++0x";
				CLANG_CXX_LIBRARY = "libc++";
				CLANG_ENABLE_MODULES = YES;
				CLANG_ENABLE_OBJC_ARC = YES;
				CLANG_WARN_BOOL_CONVERSION = YES;
				CLANG_WARN_CONSTANT_CONVERSION = YES;
				CLANG_WARN_DIRECT_OBJC_ISA_USAGE = YES_ERROR;
				CLANG_WARN_EMPTY_BODY = YES;
				CLANG_WARN_ENUM_CONVERSION = YES;
				CLANG_WARN_INT_CONVERSION = YES;
				CLANG_WARN_OBJC_ROOT_CLASS = YES_ERROR;
				CLANG_WARN_UNREACHABLE_CODE = YES;
				CLANG_WARN__DUPLICATE_METHOD_MATCH = YES;
				"CODE_SIGN_IDENTITY[sdk=iphoneos*]" = "iPhone Developer";
				COPY_PHASE_STRIP = NO;
				DEBUG_INFORMATION_FORMAT = "dwarf-with-dsym";
				ENABLE_STRICT_OBJC_MSGSEND = YES;
				ENABLE_TESTABILITY = YES;
				GCC_C_LANGUAGE_STANDARD = gnu99;
				GCC_DYNAMIC_NO_PIC = NO;
				GCC_NO_COMMON_BLOCKS = YES;
				GCC_OPTIMIZATION_LEVEL = 0;
				GCC_PREPROCESSOR_DEFINITIONS = (
					"DEBUG=1",
					"$(inherited)",
				);
				GCC_WARN_64_TO_32_BIT_CONVERSION = YES;
				GCC_WARN_ABOUT_RETURN_TYPE = YES_ERROR;
				GCC_WARN_UNDECLARED_SELECTOR = YES;
				GCC_WARN_UNINITIALIZED_AUTOS = YES_AGGRESSIVE;
				GCC_WARN_UNUSED_FUNCTION = YES;
				GCC_WARN_UNUSED_VARIABLE = YES;
				IPHONEOS_DEPLOYMENT_TARGET = 9.2;
				MTL_ENABLE_DEBUG_INFO = YES;
				ONLY_ACTIVE_ARCH = YES;
				SDKROOT = iphoneos;
				SWIFT_OPTIMIZATION_LEVEL = "-Onone";
				TARGETED_DEVICE_FAMILY = "1,2";
			};
			name = Debug;
		};
		CE7DB7F71C68B64400AA358C /* Release */ = {
			isa = XCBuildConfiguration;
			buildSettings = {
				ALWAYS_SEARCH_USER_PATHS = NO;
				CLANG_CXX_LANGUAGE_STANDARD = "gnu++0x";
				CLANG_CXX_LIBRARY = "libc++";
				CLANG_ENABLE_MODULES = YES;
				CLANG_ENABLE_OBJC_ARC = YES;
				CLANG_WARN_BOOL_CONVERSION = YES;
				CLANG_WARN_CONSTANT_CONVERSION = YES;
				CLANG_WARN_DIRECT_OBJC_ISA_USAGE = YES_ERROR;
				CLANG_WARN_EMPTY_BODY = YES;
				CLANG_WARN_ENUM_CONVERSION = YES;
				CLANG_WARN_INT_CONVERSION = YES;
				CLANG_WARN_OBJC_ROOT_CLASS = YES_ERROR;
				CLANG_WARN_UNREACHABLE_CODE = YES;
				CLANG_WARN__DUPLICATE_METHOD_MATCH = YES;
				"CODE_SIGN_IDENTITY[sdk=iphoneos*]" = "iPhone Developer";
				COPY_PHASE_STRIP = NO;
				DEBUG_INFORMATION_FORMAT = "dwarf-with-dsym";
				ENABLE_NS_ASSERTIONS = NO;
				ENABLE_STRICT_OBJC_MSGSEND = YES;
				GCC_C_LANGUAGE_STANDARD = gnu99;
				GCC_NO_COMMON_BLOCKS = YES;
				GCC_WARN_64_TO_32_BIT_CONVERSION = YES;
				GCC_WARN_ABOUT_RETURN_TYPE = YES_ERROR;
				GCC_WARN_UNDECLARED_SELECTOR = YES;
				GCC_WARN_UNINITIALIZED_AUTOS = YES_AGGRESSIVE;
				GCC_WARN_UNUSED_FUNCTION = YES;
				GCC_WARN_UNUSED_VARIABLE = YES;
				IPHONEOS_DEPLOYMENT_TARGET = 9.2;
				MTL_ENABLE_DEBUG_INFO = NO;
				SDKROOT = iphoneos;
				TARGETED_DEVICE_FAMILY = "1,2";
				VALIDATE_PRODUCT = YES;
			};
			name = Release;
		};
		CE7DB7F91C68B64400AA358C /* Debug */ = {
			isa = XCBuildConfiguration;
			buildSettings = {
				ASSETCATALOG_COMPILER_APPICON_NAME = AppIcon;
				CODE_SIGN_ENTITLEMENTS = Grid/Grid.entitlements;
				CODE_SIGN_IDENTITY = "iPhone Developer";
				INFOPLIST_FILE = Grid/Info.plist;
				IPHONEOS_DEPLOYMENT_TARGET = 9.0;
				LD_RUNPATH_SEARCH_PATHS = "$(inherited) @executable_path/Frameworks";
				PRODUCT_BUNDLE_IDENTIFIER = com.nero.rodot;
				PRODUCT_NAME = "$(TARGET_NAME)";
			};
			name = Debug;
		};
		CE7DB7FA1C68B64400AA358C /* Release */ = {
			isa = XCBuildConfiguration;
			buildSettings = {
				ASSETCATALOG_COMPILER_APPICON_NAME = AppIcon;
				CODE_SIGN_ENTITLEMENTS = Grid/Grid.entitlements;
				CODE_SIGN_IDENTITY = "iPhone Developer";
				INFOPLIST_FILE = Grid/Info.plist;
				IPHONEOS_DEPLOYMENT_TARGET = 9.0;
				LD_RUNPATH_SEARCH_PATHS = "$(inherited) @executable_path/Frameworks";
				PRODUCT_BUNDLE_IDENTIFIER = com.nero.rodot;
				PRODUCT_NAME = "$(TARGET_NAME)";
			};
			name = Release;
		};
		CE7DB7FC1C68B64400AA358C /* Debug */ = {
			isa = XCBuildConfiguration;
			buildSettings = {
				BUNDLE_LOADER = "$(TEST_HOST)";
				DEBUG_INFORMATION_FORMAT = dwarf;
				INFOPLIST_FILE = GridTests/Info.plist;
				LD_RUNPATH_SEARCH_PATHS = "$(inherited) @executable_path/Frameworks @loader_path/Frameworks";
				PRODUCT_BUNDLE_IDENTIFIER = com.nero.GridTests;
				PRODUCT_NAME = "$(TARGET_NAME)";
				TEST_HOST = "$(BUILT_PRODUCTS_DIR)/Grid.app/Grid";
			};
			name = Debug;
		};
		CE7DB7FD1C68B64400AA358C /* Release */ = {
			isa = XCBuildConfiguration;
			buildSettings = {
				BUNDLE_LOADER = "$(TEST_HOST)";
				INFOPLIST_FILE = GridTests/Info.plist;
				LD_RUNPATH_SEARCH_PATHS = "$(inherited) @executable_path/Frameworks @loader_path/Frameworks";
				PRODUCT_BUNDLE_IDENTIFIER = com.nero.GridTests;
				PRODUCT_NAME = "$(TARGET_NAME)";
				TEST_HOST = "$(BUILT_PRODUCTS_DIR)/Grid.app/Grid";
			};
			name = Release;
		};
		CE7DB7FF1C68B64400AA358C /* Debug */ = {
			isa = XCBuildConfiguration;
			buildSettings = {
				DEBUG_INFORMATION_FORMAT = dwarf;
				INFOPLIST_FILE = GridUITests/Info.plist;
				LD_RUNPATH_SEARCH_PATHS = "$(inherited) @executable_path/Frameworks @loader_path/Frameworks";
				PRODUCT_BUNDLE_IDENTIFIER = com.nero.GridUITests;
				PRODUCT_NAME = "$(TARGET_NAME)";
				TEST_TARGET_NAME = Grid;
				USES_XCTRUNNER = YES;
			};
			name = Debug;
		};
		CE7DB8001C68B64400AA358C /* Release */ = {
			isa = XCBuildConfiguration;
			buildSettings = {
				INFOPLIST_FILE = GridUITests/Info.plist;
				LD_RUNPATH_SEARCH_PATHS = "$(inherited) @executable_path/Frameworks @loader_path/Frameworks";
				PRODUCT_BUNDLE_IDENTIFIER = com.nero.GridUITests;
				PRODUCT_NAME = "$(TARGET_NAME)";
				TEST_TARGET_NAME = Grid;
				USES_XCTRUNNER = YES;
			};
			name = Release;
		};
/* End XCBuildConfiguration section */

/* Begin XCConfigurationList section */
		CE7DB7C71C68B64400AA358C /* Build configuration list for PBXProject "Grid" */ = {
			isa = XCConfigurationList;
			buildConfigurations = (
				CE7DB7F61C68B64400AA358C /* Debug */,
				CE7DB7F71C68B64400AA358C /* Release */,
			);
			defaultConfigurationIsVisible = 0;
			defaultConfigurationName = Release;
		};
		CE7DB7F81C68B64400AA358C /* Build configuration list for PBXNativeTarget "Grid" */ = {
			isa = XCConfigurationList;
			buildConfigurations = (
				CE7DB7F91C68B64400AA358C /* Debug */,
				CE7DB7FA1C68B64400AA358C /* Release */,
			);
			defaultConfigurationIsVisible = 0;
			defaultConfigurationName = Release;
		};
		CE7DB7FB1C68B64400AA358C /* Build configuration list for PBXNativeTarget "GridTests" */ = {
			isa = XCConfigurationList;
			buildConfigurations = (
				CE7DB7FC1C68B64400AA358C /* Debug */,
				CE7DB7FD1C68B64400AA358C /* Release */,
			);
			defaultConfigurationIsVisible = 0;
			defaultConfigurationName = Release;
		};
		CE7DB7FE1C68B64400AA358C /* Build configuration list for PBXNativeTarget "GridUITests" */ = {
			isa = XCConfigurationList;
			buildConfigurations = (
				CE7DB7FF1C68B64400AA358C /* Debug */,
				CE7DB8001C68B64400AA358C /* Release */,
			);
			defaultConfigurationIsVisible = 0;
			defaultConfigurationName = Release;
		};
/* End XCConfigurationList section */

/* Begin XCVersionGroup section */
		CE16AB991CAC38EA00A42545 /* LevelsData.xcdatamodeld */ = {
			isa = XCVersionGroup;
			children = (
				CE16AB9A1CAC38EA00A42545 /* LevelsData.xcdatamodel */,
			);
			currentVersion = CE16AB9A1CAC38EA00A42545 /* LevelsData.xcdatamodel */;
			path = LevelsData.xcdatamodeld;
			sourceTree = "<group>";
			versionGroupType = wrapper.xcdatamodel;
		};
/* End XCVersionGroup section */
	};
	rootObject = CE7DB7C41C68B64400AA358C /* Project object */;
}
