// !$*UTF8*$!
{
	archiveVersion = 1;
	classes = {
	};
	objectVersion = 46;
	objects = {

/* Begin PBXBuildFile section */
		CE0C76F11C8BD4C3002CBF23 /* LevelSceneActiveState.swift in Sources */ = {isa = PBXBuildFile; fileRef = CE0C76F01C8BD4C3002CBF23 /* LevelSceneActiveState.swift */; };
		CE0C76F31C8BD4ED002CBF23 /* LevelSceneFailState.swift in Sources */ = {isa = PBXBuildFile; fileRef = CE0C76F21C8BD4ED002CBF23 /* LevelSceneFailState.swift */; };
		CE0C76F51C8BD54A002CBF23 /* LevelSceneSuccessState.swift in Sources */ = {isa = PBXBuildFile; fileRef = CE0C76F41C8BD54A002CBF23 /* LevelSceneSuccessState.swift */; };
		CE0C76F71C8C0E5A002CBF23 /* TranslationPoint.swift in Sources */ = {isa = PBXBuildFile; fileRef = CE0C76F61C8C0E5A002CBF23 /* TranslationPoint.swift */; };
		CE0C76F91C8C0EAE002CBF23 /* PointTranslatingState.swift in Sources */ = {isa = PBXBuildFile; fileRef = CE0C76F81C8C0EAE002CBF23 /* PointTranslatingState.swift */; };
		CE12AE151C85D76D00E876FF /* StaticPoint.swift in Sources */ = {isa = PBXBuildFile; fileRef = CE12AE141C85D76D00E876FF /* StaticPoint.swift */; };
		CE12AE171C85D80600E876FF /* PointLockedForeverState.swift in Sources */ = {isa = PBXBuildFile; fileRef = CE12AE161C85D80600E876FF /* PointLockedForeverState.swift */; };
		CE12AE1B1C85D99B00E876FF /* BasePointEntity.swift in Sources */ = {isa = PBXBuildFile; fileRef = CE12AE1A1C85D99B00E876FF /* BasePointEntity.swift */; };
		CE164FC71C7F2759005BD8EB /* MoveComponent.swift in Sources */ = {isa = PBXBuildFile; fileRef = CE164FC61C7F2759005BD8EB /* MoveComponent.swift */; };
		CE164FC91C7F32C0005BD8EB /* OrientationComponent.swift in Sources */ = {isa = PBXBuildFile; fileRef = CE164FC81C7F32C0005BD8EB /* OrientationComponent.swift */; };
		CE1B1E151C76F244000FDE5E /* BallNode.swift in Sources */ = {isa = PBXBuildFile; fileRef = CE1B1E141C76F244000FDE5E /* BallNode.swift */; };
		CE1B1E181C770964000FDE5E /* Level1.sks in Resources */ = {isa = PBXBuildFile; fileRef = CE1B1E171C770964000FDE5E /* Level1.sks */; };
		CE1E9AF91C8E85580012F3F8 /* TransferComponent.swift in Sources */ = {isa = PBXBuildFile; fileRef = CE1E9AF81C8E85580012F3F8 /* TransferComponent.swift */; };
		CE2776751C8FF68700B5FA7F /* ClockwiseComponent.swift in Sources */ = {isa = PBXBuildFile; fileRef = CE2776741C8FF68700B5FA7F /* ClockwiseComponent.swift */; };
		CE2776771C8FFE7D00B5FA7F /* ClockwiseRotationPoint.swift in Sources */ = {isa = PBXBuildFile; fileRef = CE2776761C8FFE7D00B5FA7F /* ClockwiseRotationPoint.swift */; };
		CE27767B1C9006E300B5FA7F /* ClockwiseRescritedRPoint.swift in Sources */ = {isa = PBXBuildFile; fileRef = CE27767A1C9006E300B5FA7F /* ClockwiseRescritedRPoint.swift */; };
		CE27767D1C90597900B5FA7F /* FreezableComponent.swift in Sources */ = {isa = PBXBuildFile; fileRef = CE27767C1C90597900B5FA7F /* FreezableComponent.swift */; };
		CE27767F1C90625200B5FA7F /* IceBallNode.swift in Sources */ = {isa = PBXBuildFile; fileRef = CE27767E1C90625200B5FA7F /* IceBallNode.swift */; };
		CE2776811C9065CE00B5FA7F /* FreezableProtocol.swift in Sources */ = {isa = PBXBuildFile; fileRef = CE2776801C9065CE00B5FA7F /* FreezableProtocol.swift */; };
		CE637FF81C8EEEDF005FB30D /* Transfer.swift in Sources */ = {isa = PBXBuildFile; fileRef = CE637FF71C8EEEDF005FB30D /* Transfer.swift */; };
		CE6576131C7A056700EA2348 /* TransferNode.swift in Sources */ = {isa = PBXBuildFile; fileRef = CE6576121C7A056700EA2348 /* TransferNode.swift */; };
		CE6643BD1C81889700A6F0D4 /* RelateComponent.swift in Sources */ = {isa = PBXBuildFile; fileRef = CE6643BC1C81889700A6F0D4 /* RelateComponent.swift */; };
		CE6643BF1C819E9500A6F0D4 /* IntelligenceComponent.swift in Sources */ = {isa = PBXBuildFile; fileRef = CE6643BE1C819E9500A6F0D4 /* IntelligenceComponent.swift */; };
		CE6643C11C81A05700A6F0D4 /* PointCheckingState.swift in Sources */ = {isa = PBXBuildFile; fileRef = CE6643C01C81A05700A6F0D4 /* PointCheckingState.swift */; };
		CE6643C41C81A14F00A6F0D4 /* PointLockedState.swift in Sources */ = {isa = PBXBuildFile; fileRef = CE6643C31C81A14F00A6F0D4 /* PointLockedState.swift */; };
		CE6643C61C81A17300A6F0D4 /* PointUnlockedState.swift in Sources */ = {isa = PBXBuildFile; fileRef = CE6643C51C81A17300A6F0D4 /* PointUnlockedState.swift */; };
		CE6643C81C81A27700A6F0D4 /* PointRotatingState.swift in Sources */ = {isa = PBXBuildFile; fileRef = CE6643C71C81A27700A6F0D4 /* PointRotatingState.swift */; };
		CE6643CA1C81FEC900A6F0D4 /* InputComponent.swift in Sources */ = {isa = PBXBuildFile; fileRef = CE6643C91C81FEC900A6F0D4 /* InputComponent.swift */; };
		CE6665B71C8349F90079F1C0 /* LevelScene.swift in Sources */ = {isa = PBXBuildFile; fileRef = CE6665B61C8349F90079F1C0 /* LevelScene.swift */; };
		CE66F67D1C6B83B200E08955 /* RodNode.swift in Sources */ = {isa = PBXBuildFile; fileRef = CE66F67C1C6B83B200E08955 /* RodNode.swift */; };
		CE66F67F1C6B8E0700E08955 /* RotationPointNode.swift in Sources */ = {isa = PBXBuildFile; fileRef = CE66F67E1C6B8E0700E08955 /* RotationPointNode.swift */; };
		CE66F6811C6B8E3900E08955 /* GridGraph.swift in Sources */ = {isa = PBXBuildFile; fileRef = CE66F6801C6B8E3900E08955 /* GridGraph.swift */; };
		CE66F6841C6B975900E08955 /* Checking.swift in Sources */ = {isa = PBXBuildFile; fileRef = CE66F6831C6B975900E08955 /* Checking.swift */; };
		CE66F6861C6BA4AF00E08955 /* Locked.swift in Sources */ = {isa = PBXBuildFile; fileRef = CE66F6851C6BA4AF00E08955 /* Locked.swift */; };
		CE66F6881C6BA51F00E08955 /* Unlocked.swift in Sources */ = {isa = PBXBuildFile; fileRef = CE66F6871C6BA51F00E08955 /* Unlocked.swift */; };
		CE66F68A1C6BA6DC00E08955 /* Rotating.swift in Sources */ = {isa = PBXBuildFile; fileRef = CE66F6891C6BA6DC00E08955 /* Rotating.swift */; };
		CE6C04921C699C2C0082068B /* ProtocolAndCommon.swift in Sources */ = {isa = PBXBuildFile; fileRef = CE6C04911C699C2C0082068B /* ProtocolAndCommon.swift */; };
		CE7DB7D01C68B64400AA358C /* AppDelegate.swift in Sources */ = {isa = PBXBuildFile; fileRef = CE7DB7CF1C68B64400AA358C /* AppDelegate.swift */; };
		CE7DB7D21C68B64400AA358C /* GameScene.sks in Resources */ = {isa = PBXBuildFile; fileRef = CE7DB7D11C68B64400AA358C /* GameScene.sks */; };
		CE7DB7D41C68B64400AA358C /* GameScene.swift in Sources */ = {isa = PBXBuildFile; fileRef = CE7DB7D31C68B64400AA358C /* GameScene.swift */; };
		CE7DB7D61C68B64400AA358C /* GameViewController.swift in Sources */ = {isa = PBXBuildFile; fileRef = CE7DB7D51C68B64400AA358C /* GameViewController.swift */; };
		CE7DB7D91C68B64400AA358C /* Main.storyboard in Resources */ = {isa = PBXBuildFile; fileRef = CE7DB7D71C68B64400AA358C /* Main.storyboard */; };
		CE7DB7DB1C68B64400AA358C /* Assets.xcassets in Resources */ = {isa = PBXBuildFile; fileRef = CE7DB7DA1C68B64400AA358C /* Assets.xcassets */; };
		CE7DB7DE1C68B64400AA358C /* LaunchScreen.storyboard in Resources */ = {isa = PBXBuildFile; fileRef = CE7DB7DC1C68B64400AA358C /* LaunchScreen.storyboard */; };
		CE7DB7E91C68B64400AA358C /* GridTests.swift in Sources */ = {isa = PBXBuildFile; fileRef = CE7DB7E81C68B64400AA358C /* GridTests.swift */; };
		CE7DB7F41C68B64400AA358C /* GridUITests.swift in Sources */ = {isa = PBXBuildFile; fileRef = CE7DB7F31C68B64400AA358C /* GridUITests.swift */; };
		CE7DB80E1C68D74C00AA358C /* CGFloat+Extensions.swift in Sources */ = {isa = PBXBuildFile; fileRef = CE7DB8021C68D74C00AA358C /* CGFloat+Extensions.swift */; };
		CE7DB80F1C68D74C00AA358C /* CGPoint+Extensions.swift in Sources */ = {isa = PBXBuildFile; fileRef = CE7DB8031C68D74C00AA358C /* CGPoint+Extensions.swift */; };
		CE7DB8101C68D74C00AA358C /* CGVector+Extensions.swift in Sources */ = {isa = PBXBuildFile; fileRef = CE7DB8041C68D74C00AA358C /* CGVector+Extensions.swift */; };
		CE7DB8111C68D74C00AA358C /* Int+Extensions.swift in Sources */ = {isa = PBXBuildFile; fileRef = CE7DB8051C68D74C00AA358C /* Int+Extensions.swift */; };
		CE7DB8121C68D74C00AA358C /* SKAction+Extensions.swift in Sources */ = {isa = PBXBuildFile; fileRef = CE7DB8061C68D74C00AA358C /* SKAction+Extensions.swift */; };
		CE7DB8131C68D74C00AA358C /* SKAction+SpecialEffects.swift in Sources */ = {isa = PBXBuildFile; fileRef = CE7DB8071C68D74C00AA358C /* SKAction+SpecialEffects.swift */; };
		CE7DB8141C68D74C00AA358C /* SKColor+Extensions.swift in Sources */ = {isa = PBXBuildFile; fileRef = CE7DB8081C68D74C00AA358C /* SKColor+Extensions.swift */; };
		CE7DB8151C68D74C00AA358C /* SKNode+Extensions.swift in Sources */ = {isa = PBXBuildFile; fileRef = CE7DB8091C68D74C00AA358C /* SKNode+Extensions.swift */; };
		CE7DB8161C68D74C00AA358C /* SKTAudio.swift in Sources */ = {isa = PBXBuildFile; fileRef = CE7DB80A1C68D74C00AA358C /* SKTAudio.swift */; };
		CE7DB8171C68D74C00AA358C /* SKTEffects.swift in Sources */ = {isa = PBXBuildFile; fileRef = CE7DB80B1C68D74C00AA358C /* SKTEffects.swift */; };
		CE7DB8181C68D74C00AA358C /* SKTTimingFunctions.swift in Sources */ = {isa = PBXBuildFile; fileRef = CE7DB80C1C68D74C00AA358C /* SKTTimingFunctions.swift */; };
		CE7DB8191C68D74C00AA358C /* Vector3.swift in Sources */ = {isa = PBXBuildFile; fileRef = CE7DB80D1C68D74C00AA358C /* Vector3.swift */; };
		CE8A0BCF1C80BC95000ABFEA /* DetectComponent.swift in Sources */ = {isa = PBXBuildFile; fileRef = CE8A0BCE1C80BC95000ABFEA /* DetectComponent.swift */; };
		CEBB4D411C87080D00D2174E /* RestrictedRotationPoint.swift in Sources */ = {isa = PBXBuildFile; fileRef = CEBB4D401C87080D00D2174E /* RestrictedRotationPoint.swift */; };
		CEBB4D431C87094000D2174E /* RotatableRodCountComponent.swift in Sources */ = {isa = PBXBuildFile; fileRef = CEBB4D421C87094000D2174E /* RotatableRodCountComponent.swift */; };
		CEDC061A1C7DC5E4000F9C52 /* RenderComponent.swift in Sources */ = {isa = PBXBuildFile; fileRef = CEDC06191C7DC5E4000F9C52 /* RenderComponent.swift */; };
		CEDC061C1C7DC6C1000F9C52 /* PhysicsComponent.swift in Sources */ = {isa = PBXBuildFile; fileRef = CEDC061B1C7DC6C1000F9C52 /* PhysicsComponent.swift */; };
		CEDC061F1C7DC9EF000F9C52 /* GameplayConfiguration.swift in Sources */ = {isa = PBXBuildFile; fileRef = CEDC061E1C7DC9EF000F9C52 /* GameplayConfiguration.swift */; };
		CEDC06211C7DCCFA000F9C52 /* ColliderType.swift in Sources */ = {isa = PBXBuildFile; fileRef = CEDC06201C7DCCFA000F9C52 /* ColliderType.swift */; };
		CEDC06241C7DE4E7000F9C52 /* Rod.swift in Sources */ = {isa = PBXBuildFile; fileRef = CEDC06231C7DE4E7000F9C52 /* Rod.swift */; };
		CEDC06261C7DEC11000F9C52 /* RotationPoint.swift in Sources */ = {isa = PBXBuildFile; fileRef = CEDC06251C7DEC11000F9C52 /* RotationPoint.swift */; };
/* End PBXBuildFile section */

/* Begin PBXContainerItemProxy section */
		CE7DB7E51C68B64400AA358C /* PBXContainerItemProxy */ = {
			isa = PBXContainerItemProxy;
			containerPortal = CE7DB7C41C68B64400AA358C /* Project object */;
			proxyType = 1;
			remoteGlobalIDString = CE7DB7CB1C68B64400AA358C;
			remoteInfo = Grid;
		};
		CE7DB7F01C68B64400AA358C /* PBXContainerItemProxy */ = {
			isa = PBXContainerItemProxy;
			containerPortal = CE7DB7C41C68B64400AA358C /* Project object */;
			proxyType = 1;
			remoteGlobalIDString = CE7DB7CB1C68B64400AA358C;
			remoteInfo = Grid;
		};
/* End PBXContainerItemProxy section */

/* Begin PBXFileReference section */
		CE0C76F01C8BD4C3002CBF23 /* LevelSceneActiveState.swift */ = {isa = PBXFileReference; fileEncoding = 4; lastKnownFileType = sourcecode.swift; path = LevelSceneActiveState.swift; sourceTree = "<group>"; };
		CE0C76F21C8BD4ED002CBF23 /* LevelSceneFailState.swift */ = {isa = PBXFileReference; fileEncoding = 4; lastKnownFileType = sourcecode.swift; path = LevelSceneFailState.swift; sourceTree = "<group>"; };
		CE0C76F41C8BD54A002CBF23 /* LevelSceneSuccessState.swift */ = {isa = PBXFileReference; fileEncoding = 4; lastKnownFileType = sourcecode.swift; path = LevelSceneSuccessState.swift; sourceTree = "<group>"; };
		CE0C76F61C8C0E5A002CBF23 /* TranslationPoint.swift */ = {isa = PBXFileReference; fileEncoding = 4; lastKnownFileType = sourcecode.swift; path = TranslationPoint.swift; sourceTree = "<group>"; };
		CE0C76F81C8C0EAE002CBF23 /* PointTranslatingState.swift */ = {isa = PBXFileReference; fileEncoding = 4; lastKnownFileType = sourcecode.swift; path = PointTranslatingState.swift; sourceTree = "<group>"; };
		CE12AE141C85D76D00E876FF /* StaticPoint.swift */ = {isa = PBXFileReference; fileEncoding = 4; lastKnownFileType = sourcecode.swift; path = StaticPoint.swift; sourceTree = "<group>"; };
		CE12AE161C85D80600E876FF /* PointLockedForeverState.swift */ = {isa = PBXFileReference; fileEncoding = 4; lastKnownFileType = sourcecode.swift; path = PointLockedForeverState.swift; sourceTree = "<group>"; };
		CE12AE1A1C85D99B00E876FF /* BasePointEntity.swift */ = {isa = PBXFileReference; fileEncoding = 4; lastKnownFileType = sourcecode.swift; path = BasePointEntity.swift; sourceTree = "<group>"; };
		CE164FC61C7F2759005BD8EB /* MoveComponent.swift */ = {isa = PBXFileReference; fileEncoding = 4; lastKnownFileType = sourcecode.swift; path = MoveComponent.swift; sourceTree = "<group>"; };
		CE164FC81C7F32C0005BD8EB /* OrientationComponent.swift */ = {isa = PBXFileReference; fileEncoding = 4; lastKnownFileType = sourcecode.swift; path = OrientationComponent.swift; sourceTree = "<group>"; };
		CE1B1E141C76F244000FDE5E /* BallNode.swift */ = {isa = PBXFileReference; fileEncoding = 4; lastKnownFileType = sourcecode.swift; path = BallNode.swift; sourceTree = "<group>"; };
		CE1B1E171C770964000FDE5E /* Level1.sks */ = {isa = PBXFileReference; lastKnownFileType = file.sks; path = Level1.sks; sourceTree = "<group>"; };
		CE1E9AF81C8E85580012F3F8 /* TransferComponent.swift */ = {isa = PBXFileReference; fileEncoding = 4; lastKnownFileType = sourcecode.swift; path = TransferComponent.swift; sourceTree = "<group>"; };
		CE2776741C8FF68700B5FA7F /* ClockwiseComponent.swift */ = {isa = PBXFileReference; fileEncoding = 4; lastKnownFileType = sourcecode.swift; path = ClockwiseComponent.swift; sourceTree = "<group>"; };
		CE2776761C8FFE7D00B5FA7F /* ClockwiseRotationPoint.swift */ = {isa = PBXFileReference; fileEncoding = 4; lastKnownFileType = sourcecode.swift; path = ClockwiseRotationPoint.swift; sourceTree = "<group>"; };
		CE27767A1C9006E300B5FA7F /* ClockwiseRescritedRPoint.swift */ = {isa = PBXFileReference; fileEncoding = 4; lastKnownFileType = sourcecode.swift; path = ClockwiseRescritedRPoint.swift; sourceTree = "<group>"; };
		CE27767C1C90597900B5FA7F /* FreezableComponent.swift */ = {isa = PBXFileReference; fileEncoding = 4; lastKnownFileType = sourcecode.swift; path = FreezableComponent.swift; sourceTree = "<group>"; };
		CE27767E1C90625200B5FA7F /* IceBallNode.swift */ = {isa = PBXFileReference; fileEncoding = 4; lastKnownFileType = sourcecode.swift; path = IceBallNode.swift; sourceTree = "<group>"; };
		CE2776801C9065CE00B5FA7F /* FreezableProtocol.swift */ = {isa = PBXFileReference; fileEncoding = 4; lastKnownFileType = sourcecode.swift; path = FreezableProtocol.swift; sourceTree = "<group>"; };
		CE637FF71C8EEEDF005FB30D /* Transfer.swift */ = {isa = PBXFileReference; fileEncoding = 4; lastKnownFileType = sourcecode.swift; path = Transfer.swift; sourceTree = "<group>"; };
		CE6576121C7A056700EA2348 /* TransferNode.swift */ = {isa = PBXFileReference; fileEncoding = 4; lastKnownFileType = sourcecode.swift; path = TransferNode.swift; sourceTree = "<group>"; };
		CE6643BC1C81889700A6F0D4 /* RelateComponent.swift */ = {isa = PBXFileReference; fileEncoding = 4; lastKnownFileType = sourcecode.swift; path = RelateComponent.swift; sourceTree = "<group>"; };
		CE6643BE1C819E9500A6F0D4 /* IntelligenceComponent.swift */ = {isa = PBXFileReference; fileEncoding = 4; lastKnownFileType = sourcecode.swift; path = IntelligenceComponent.swift; sourceTree = "<group>"; };
		CE6643C01C81A05700A6F0D4 /* PointCheckingState.swift */ = {isa = PBXFileReference; fileEncoding = 4; lastKnownFileType = sourcecode.swift; path = PointCheckingState.swift; sourceTree = "<group>"; };
		CE6643C31C81A14F00A6F0D4 /* PointLockedState.swift */ = {isa = PBXFileReference; fileEncoding = 4; lastKnownFileType = sourcecode.swift; path = PointLockedState.swift; sourceTree = "<group>"; };
		CE6643C51C81A17300A6F0D4 /* PointUnlockedState.swift */ = {isa = PBXFileReference; fileEncoding = 4; lastKnownFileType = sourcecode.swift; path = PointUnlockedState.swift; sourceTree = "<group>"; };
		CE6643C71C81A27700A6F0D4 /* PointRotatingState.swift */ = {isa = PBXFileReference; fileEncoding = 4; lastKnownFileType = sourcecode.swift; path = PointRotatingState.swift; sourceTree = "<group>"; };
		CE6643C91C81FEC900A6F0D4 /* InputComponent.swift */ = {isa = PBXFileReference; fileEncoding = 4; lastKnownFileType = sourcecode.swift; path = InputComponent.swift; sourceTree = "<group>"; };
		CE6665B61C8349F90079F1C0 /* LevelScene.swift */ = {isa = PBXFileReference; fileEncoding = 4; lastKnownFileType = sourcecode.swift; path = LevelScene.swift; sourceTree = "<group>"; };
		CE66F67C1C6B83B200E08955 /* RodNode.swift */ = {isa = PBXFileReference; fileEncoding = 4; lastKnownFileType = sourcecode.swift; path = RodNode.swift; sourceTree = "<group>"; };
		CE66F67E1C6B8E0700E08955 /* RotationPointNode.swift */ = {isa = PBXFileReference; fileEncoding = 4; lastKnownFileType = sourcecode.swift; path = RotationPointNode.swift; sourceTree = "<group>"; };
		CE66F6801C6B8E3900E08955 /* GridGraph.swift */ = {isa = PBXFileReference; fileEncoding = 4; lastKnownFileType = sourcecode.swift; path = GridGraph.swift; sourceTree = "<group>"; };
		CE66F6831C6B975900E08955 /* Checking.swift */ = {isa = PBXFileReference; fileEncoding = 4; lastKnownFileType = sourcecode.swift; path = Checking.swift; sourceTree = "<group>"; };
		CE66F6851C6BA4AF00E08955 /* Locked.swift */ = {isa = PBXFileReference; fileEncoding = 4; lastKnownFileType = sourcecode.swift; path = Locked.swift; sourceTree = "<group>"; };
		CE66F6871C6BA51F00E08955 /* Unlocked.swift */ = {isa = PBXFileReference; fileEncoding = 4; lastKnownFileType = sourcecode.swift; path = Unlocked.swift; sourceTree = "<group>"; };
		CE66F6891C6BA6DC00E08955 /* Rotating.swift */ = {isa = PBXFileReference; fileEncoding = 4; lastKnownFileType = sourcecode.swift; path = Rotating.swift; sourceTree = "<group>"; };
		CE6C04911C699C2C0082068B /* ProtocolAndCommon.swift */ = {isa = PBXFileReference; fileEncoding = 4; lastKnownFileType = sourcecode.swift; path = ProtocolAndCommon.swift; sourceTree = "<group>"; };
		CE7DB7CC1C68B64400AA358C /* Grid.app */ = {isa = PBXFileReference; explicitFileType = wrapper.application; includeInIndex = 0; path = Grid.app; sourceTree = BUILT_PRODUCTS_DIR; };
		CE7DB7CF1C68B64400AA358C /* AppDelegate.swift */ = {isa = PBXFileReference; lastKnownFileType = sourcecode.swift; path = AppDelegate.swift; sourceTree = "<group>"; };
		CE7DB7D11C68B64400AA358C /* GameScene.sks */ = {isa = PBXFileReference; lastKnownFileType = file.sks; path = GameScene.sks; sourceTree = "<group>"; };
		CE7DB7D31C68B64400AA358C /* GameScene.swift */ = {isa = PBXFileReference; lastKnownFileType = sourcecode.swift; path = GameScene.swift; sourceTree = "<group>"; };
		CE7DB7D51C68B64400AA358C /* GameViewController.swift */ = {isa = PBXFileReference; lastKnownFileType = sourcecode.swift; path = GameViewController.swift; sourceTree = "<group>"; };
		CE7DB7D81C68B64400AA358C /* Base */ = {isa = PBXFileReference; lastKnownFileType = file.storyboard; name = Base; path = Base.lproj/Main.storyboard; sourceTree = "<group>"; };
		CE7DB7DA1C68B64400AA358C /* Assets.xcassets */ = {isa = PBXFileReference; lastKnownFileType = folder.assetcatalog; path = Assets.xcassets; sourceTree = "<group>"; };
		CE7DB7DD1C68B64400AA358C /* Base */ = {isa = PBXFileReference; lastKnownFileType = file.storyboard; name = Base; path = Base.lproj/LaunchScreen.storyboard; sourceTree = "<group>"; };
		CE7DB7DF1C68B64400AA358C /* Info.plist */ = {isa = PBXFileReference; lastKnownFileType = text.plist.xml; path = Info.plist; sourceTree = "<group>"; };
		CE7DB7E41C68B64400AA358C /* GridTests.xctest */ = {isa = PBXFileReference; explicitFileType = wrapper.cfbundle; includeInIndex = 0; path = GridTests.xctest; sourceTree = BUILT_PRODUCTS_DIR; };
		CE7DB7E81C68B64400AA358C /* GridTests.swift */ = {isa = PBXFileReference; lastKnownFileType = sourcecode.swift; path = GridTests.swift; sourceTree = "<group>"; };
		CE7DB7EA1C68B64400AA358C /* Info.plist */ = {isa = PBXFileReference; lastKnownFileType = text.plist.xml; path = Info.plist; sourceTree = "<group>"; };
		CE7DB7EF1C68B64400AA358C /* GridUITests.xctest */ = {isa = PBXFileReference; explicitFileType = wrapper.cfbundle; includeInIndex = 0; path = GridUITests.xctest; sourceTree = BUILT_PRODUCTS_DIR; };
		CE7DB7F31C68B64400AA358C /* GridUITests.swift */ = {isa = PBXFileReference; lastKnownFileType = sourcecode.swift; path = GridUITests.swift; sourceTree = "<group>"; };
		CE7DB7F51C68B64400AA358C /* Info.plist */ = {isa = PBXFileReference; lastKnownFileType = text.plist.xml; path = Info.plist; sourceTree = "<group>"; };
		CE7DB8021C68D74C00AA358C /* CGFloat+Extensions.swift */ = {isa = PBXFileReference; fileEncoding = 4; lastKnownFileType = sourcecode.swift; path = "CGFloat+Extensions.swift"; sourceTree = "<group>"; };
		CE7DB8031C68D74C00AA358C /* CGPoint+Extensions.swift */ = {isa = PBXFileReference; fileEncoding = 4; lastKnownFileType = sourcecode.swift; path = "CGPoint+Extensions.swift"; sourceTree = "<group>"; };
		CE7DB8041C68D74C00AA358C /* CGVector+Extensions.swift */ = {isa = PBXFileReference; fileEncoding = 4; lastKnownFileType = sourcecode.swift; path = "CGVector+Extensions.swift"; sourceTree = "<group>"; };
		CE7DB8051C68D74C00AA358C /* Int+Extensions.swift */ = {isa = PBXFileReference; fileEncoding = 4; lastKnownFileType = sourcecode.swift; path = "Int+Extensions.swift"; sourceTree = "<group>"; };
		CE7DB8061C68D74C00AA358C /* SKAction+Extensions.swift */ = {isa = PBXFileReference; fileEncoding = 4; lastKnownFileType = sourcecode.swift; path = "SKAction+Extensions.swift"; sourceTree = "<group>"; };
		CE7DB8071C68D74C00AA358C /* SKAction+SpecialEffects.swift */ = {isa = PBXFileReference; fileEncoding = 4; lastKnownFileType = sourcecode.swift; path = "SKAction+SpecialEffects.swift"; sourceTree = "<group>"; };
		CE7DB8081C68D74C00AA358C /* SKColor+Extensions.swift */ = {isa = PBXFileReference; fileEncoding = 4; lastKnownFileType = sourcecode.swift; path = "SKColor+Extensions.swift"; sourceTree = "<group>"; };
		CE7DB8091C68D74C00AA358C /* SKNode+Extensions.swift */ = {isa = PBXFileReference; fileEncoding = 4; lastKnownFileType = sourcecode.swift; path = "SKNode+Extensions.swift"; sourceTree = "<group>"; };
		CE7DB80A1C68D74C00AA358C /* SKTAudio.swift */ = {isa = PBXFileReference; fileEncoding = 4; lastKnownFileType = sourcecode.swift; path = SKTAudio.swift; sourceTree = "<group>"; };
		CE7DB80B1C68D74C00AA358C /* SKTEffects.swift */ = {isa = PBXFileReference; fileEncoding = 4; lastKnownFileType = sourcecode.swift; path = SKTEffects.swift; sourceTree = "<group>"; };
		CE7DB80C1C68D74C00AA358C /* SKTTimingFunctions.swift */ = {isa = PBXFileReference; fileEncoding = 4; lastKnownFileType = sourcecode.swift; path = SKTTimingFunctions.swift; sourceTree = "<group>"; };
		CE7DB80D1C68D74C00AA358C /* Vector3.swift */ = {isa = PBXFileReference; fileEncoding = 4; lastKnownFileType = sourcecode.swift; path = Vector3.swift; sourceTree = "<group>"; };
		CE8A0BCE1C80BC95000ABFEA /* DetectComponent.swift */ = {isa = PBXFileReference; fileEncoding = 4; lastKnownFileType = sourcecode.swift; path = DetectComponent.swift; sourceTree = "<group>"; };
		CEBB4D401C87080D00D2174E /* RestrictedRotationPoint.swift */ = {isa = PBXFileReference; fileEncoding = 4; lastKnownFileType = sourcecode.swift; path = RestrictedRotationPoint.swift; sourceTree = "<group>"; };
		CEBB4D421C87094000D2174E /* RotatableRodCountComponent.swift */ = {isa = PBXFileReference; fileEncoding = 4; lastKnownFileType = sourcecode.swift; path = RotatableRodCountComponent.swift; sourceTree = "<group>"; };
		CEDC06191C7DC5E4000F9C52 /* RenderComponent.swift */ = {isa = PBXFileReference; fileEncoding = 4; lastKnownFileType = sourcecode.swift; path = RenderComponent.swift; sourceTree = "<group>"; };
		CEDC061B1C7DC6C1000F9C52 /* PhysicsComponent.swift */ = {isa = PBXFileReference; fileEncoding = 4; lastKnownFileType = sourcecode.swift; path = PhysicsComponent.swift; sourceTree = "<group>"; };
		CEDC061E1C7DC9EF000F9C52 /* GameplayConfiguration.swift */ = {isa = PBXFileReference; fileEncoding = 4; lastKnownFileType = sourcecode.swift; path = GameplayConfiguration.swift; sourceTree = "<group>"; };
		CEDC06201C7DCCFA000F9C52 /* ColliderType.swift */ = {isa = PBXFileReference; fileEncoding = 4; lastKnownFileType = sourcecode.swift; path = ColliderType.swift; sourceTree = "<group>"; };
		CEDC06231C7DE4E7000F9C52 /* Rod.swift */ = {isa = PBXFileReference; fileEncoding = 4; lastKnownFileType = sourcecode.swift; path = Rod.swift; sourceTree = "<group>"; };
		CEDC06251C7DEC11000F9C52 /* RotationPoint.swift */ = {isa = PBXFileReference; fileEncoding = 4; lastKnownFileType = sourcecode.swift; path = RotationPoint.swift; sourceTree = "<group>"; };
/* End PBXFileReference section */

/* Begin PBXFrameworksBuildPhase section */
		CE7DB7C91C68B64400AA358C /* Frameworks */ = {
			isa = PBXFrameworksBuildPhase;
			buildActionMask = 2147483647;
			files = (
			);
			runOnlyForDeploymentPostprocessing = 0;
		};
		CE7DB7E11C68B64400AA358C /* Frameworks */ = {
			isa = PBXFrameworksBuildPhase;
			buildActionMask = 2147483647;
			files = (
			);
			runOnlyForDeploymentPostprocessing = 0;
		};
		CE7DB7EC1C68B64400AA358C /* Frameworks */ = {
			isa = PBXFrameworksBuildPhase;
			buildActionMask = 2147483647;
			files = (
			);
			runOnlyForDeploymentPostprocessing = 0;
		};
/* End PBXFrameworksBuildPhase section */

/* Begin PBXGroup section */
		CE12AE0D1C85BF8E00E876FF /* SceneState */ = {
			isa = PBXGroup;
			children = (
				CE0C76F01C8BD4C3002CBF23 /* LevelSceneActiveState.swift */,
				CE0C76F21C8BD4ED002CBF23 /* LevelSceneFailState.swift */,
				CE0C76F41C8BD54A002CBF23 /* LevelSceneSuccessState.swift */,
			);
			name = SceneState;
			sourceTree = "<group>";
		};
		CE1B1E161C770908000FDE5E /* Scenes */ = {
			isa = PBXGroup;
			children = (
				CE12AE0D1C85BF8E00E876FF /* SceneState */,
				CE6665B61C8349F90079F1C0 /* LevelScene.swift */,
				CE1B1E171C770964000FDE5E /* Level1.sks */,
			);
			name = Scenes;
			sourceTree = "<group>";
		};
		CE6643C21C81A12500A6F0D4 /* PointState */ = {
			isa = PBXGroup;
			children = (
				CE6643C01C81A05700A6F0D4 /* PointCheckingState.swift */,
				CE6643C31C81A14F00A6F0D4 /* PointLockedState.swift */,
				CE6643C51C81A17300A6F0D4 /* PointUnlockedState.swift */,
				CE6643C71C81A27700A6F0D4 /* PointRotatingState.swift */,
				CE0C76F81C8C0EAE002CBF23 /* PointTranslatingState.swift */,
				CE12AE161C85D80600E876FF /* PointLockedForeverState.swift */,
			);
			name = PointState;
			sourceTree = "<group>";
		};
		CE66F67B1C6B839E00E08955 /* Nodes */ = {
			isa = PBXGroup;
			children = (
				CE66F67C1C6B83B200E08955 /* RodNode.swift */,
				CE66F67E1C6B8E0700E08955 /* RotationPointNode.swift */,
				CE1B1E141C76F244000FDE5E /* BallNode.swift */,
				CE27767E1C90625200B5FA7F /* IceBallNode.swift */,
				CE6576121C7A056700EA2348 /* TransferNode.swift */,
				CE66F6821C6B956C00E08955 /* PointNodeState */,
			);
			name = Nodes;
			sourceTree = "<group>";
		};
		CE66F6821C6B956C00E08955 /* PointNodeState */ = {
			isa = PBXGroup;
			children = (
				CE66F6831C6B975900E08955 /* Checking.swift */,
				CE66F6851C6BA4AF00E08955 /* Locked.swift */,
				CE66F6871C6BA51F00E08955 /* Unlocked.swift */,
				CE66F6891C6BA6DC00E08955 /* Rotating.swift */,
			);
			name = PointNodeState;
			sourceTree = "<group>";
		};
		CE7DB7C31C68B64400AA358C = {
			isa = PBXGroup;
			children = (
				CE7DB7CE1C68B64400AA358C /* Grid */,
				CE7DB7E71C68B64400AA358C /* GridTests */,
				CE7DB7F21C68B64400AA358C /* GridUITests */,
				CE7DB7CD1C68B64400AA358C /* Products */,
			);
			sourceTree = "<group>";
		};
		CE7DB7CD1C68B64400AA358C /* Products */ = {
			isa = PBXGroup;
			children = (
				CE7DB7CC1C68B64400AA358C /* Grid.app */,
				CE7DB7E41C68B64400AA358C /* GridTests.xctest */,
				CE7DB7EF1C68B64400AA358C /* GridUITests.xctest */,
			);
			name = Products;
			sourceTree = "<group>";
		};
		CE7DB7CE1C68B64400AA358C /* Grid */ = {
			isa = PBXGroup;
			children = (
				CEDC061D1C7DC9CA000F9C52 /* Entities */,
				CEDC06181C7DC5A6000F9C52 /* Components */,
				CE1B1E161C770908000FDE5E /* Scenes */,
				CE66F67B1C6B839E00E08955 /* Nodes */,
				CEDC06221C7DCDE5000F9C52 /* PhysicsColider */,
				CE66F6801C6B8E3900E08955 /* GridGraph.swift */,
				CE7DB7CF1C68B64400AA358C /* AppDelegate.swift */,
				CE7DB7D11C68B64400AA358C /* GameScene.sks */,
				CE7DB7D31C68B64400AA358C /* GameScene.swift */,
				CE7DB7D51C68B64400AA358C /* GameViewController.swift */,
				CE7DB7D71C68B64400AA358C /* Main.storyboard */,
				CE7DB7DA1C68B64400AA358C /* Assets.xcassets */,
				CE7DB7DC1C68B64400AA358C /* LaunchScreen.storyboard */,
				CE7DB7DF1C68B64400AA358C /* Info.plist */,
				CE7DB8011C68D74C00AA358C /* SKTUtils */,
			);
			path = Grid;
			sourceTree = "<group>";
		};
		CE7DB7E71C68B64400AA358C /* GridTests */ = {
			isa = PBXGroup;
			children = (
				CE7DB7E81C68B64400AA358C /* GridTests.swift */,
				CE7DB7EA1C68B64400AA358C /* Info.plist */,
			);
			path = GridTests;
			sourceTree = "<group>";
		};
		CE7DB7F21C68B64400AA358C /* GridUITests */ = {
			isa = PBXGroup;
			children = (
				CE7DB7F31C68B64400AA358C /* GridUITests.swift */,
				CE7DB7F51C68B64400AA358C /* Info.plist */,
			);
			path = GridUITests;
			sourceTree = "<group>";
		};
		CE7DB8011C68D74C00AA358C /* SKTUtils */ = {
			isa = PBXGroup;
			children = (
				CE7DB8021C68D74C00AA358C /* CGFloat+Extensions.swift */,
				CE7DB8031C68D74C00AA358C /* CGPoint+Extensions.swift */,
				CE7DB8041C68D74C00AA358C /* CGVector+Extensions.swift */,
				CE7DB8051C68D74C00AA358C /* Int+Extensions.swift */,
				CE7DB8061C68D74C00AA358C /* SKAction+Extensions.swift */,
				CE7DB8071C68D74C00AA358C /* SKAction+SpecialEffects.swift */,
				CE7DB8081C68D74C00AA358C /* SKColor+Extensions.swift */,
				CE7DB8091C68D74C00AA358C /* SKNode+Extensions.swift */,
				CE7DB80A1C68D74C00AA358C /* SKTAudio.swift */,
				CE7DB80B1C68D74C00AA358C /* SKTEffects.swift */,
				CE7DB80C1C68D74C00AA358C /* SKTTimingFunctions.swift */,
				CE7DB80D1C68D74C00AA358C /* Vector3.swift */,
			);
			path = SKTUtils;
			sourceTree = "<group>";
		};
		CEDC06181C7DC5A6000F9C52 /* Components */ = {
			isa = PBXGroup;
			children = (
				CEDC06191C7DC5E4000F9C52 /* RenderComponent.swift */,
				CEDC061B1C7DC6C1000F9C52 /* PhysicsComponent.swift */,
				CE164FC81C7F32C0005BD8EB /* OrientationComponent.swift */,
				CE164FC61C7F2759005BD8EB /* MoveComponent.swift */,
				CE8A0BCE1C80BC95000ABFEA /* DetectComponent.swift */,
				CE6643BC1C81889700A6F0D4 /* RelateComponent.swift */,
				CE6643BE1C819E9500A6F0D4 /* IntelligenceComponent.swift */,
				CE6643C91C81FEC900A6F0D4 /* InputComponent.swift */,
				CEBB4D421C87094000D2174E /* RotatableRodCountComponent.swift */,
				CE1E9AF81C8E85580012F3F8 /* TransferComponent.swift */,
				CE2776741C8FF68700B5FA7F /* ClockwiseComponent.swift */,
				CE27767C1C90597900B5FA7F /* FreezableComponent.swift */,
				CE2776801C9065CE00B5FA7F /* FreezableProtocol.swift */,
				CE6643C21C81A12500A6F0D4 /* PointState */,
			);
			name = Components;
			sourceTree = "<group>";
		};
		CEDC061D1C7DC9CA000F9C52 /* Entities */ = {
			isa = PBXGroup;
			children = (
				CEDC06231C7DE4E7000F9C52 /* Rod.swift */,
				CE12AE1A1C85D99B00E876FF /* BasePointEntity.swift */,
				CEDC06251C7DEC11000F9C52 /* RotationPoint.swift */,
				CE0C76F61C8C0E5A002CBF23 /* TranslationPoint.swift */,
				CEBB4D401C87080D00D2174E /* RestrictedRotationPoint.swift */,
				CE12AE141C85D76D00E876FF /* StaticPoint.swift */,
				CE637FF71C8EEEDF005FB30D /* Transfer.swift */,
				CE2776761C8FFE7D00B5FA7F /* ClockwiseRotationPoint.swift */,
				CE27767A1C9006E300B5FA7F /* ClockwiseRescritedRPoint.swift */,
				CEDC061E1C7DC9EF000F9C52 /* GameplayConfiguration.swift */,
			);
			name = Entities;
			sourceTree = "<group>";
		};
		CEDC06221C7DCDE5000F9C52 /* PhysicsColider */ = {
			isa = PBXGroup;
			children = (
				CEDC06201C7DCCFA000F9C52 /* ColliderType.swift */,
				CE6C04911C699C2C0082068B /* ProtocolAndCommon.swift */,
			);
			name = PhysicsColider;
			sourceTree = "<group>";
		};
/* End PBXGroup section */

/* Begin PBXNativeTarget section */
		CE7DB7CB1C68B64400AA358C /* Grid */ = {
			isa = PBXNativeTarget;
			buildConfigurationList = CE7DB7F81C68B64400AA358C /* Build configuration list for PBXNativeTarget "Grid" */;
			buildPhases = (
				CE7DB7C81C68B64400AA358C /* Sources */,
				CE7DB7C91C68B64400AA358C /* Frameworks */,
				CE7DB7CA1C68B64400AA358C /* Resources */,
			);
			buildRules = (
			);
			dependencies = (
			);
			name = Grid;
			productName = Grid;
			productReference = CE7DB7CC1C68B64400AA358C /* Grid.app */;
			productType = "com.apple.product-type.application";
		};
		CE7DB7E31C68B64400AA358C /* GridTests */ = {
			isa = PBXNativeTarget;
			buildConfigurationList = CE7DB7FB1C68B64400AA358C /* Build configuration list for PBXNativeTarget "GridTests" */;
			buildPhases = (
				CE7DB7E01C68B64400AA358C /* Sources */,
				CE7DB7E11C68B64400AA358C /* Frameworks */,
				CE7DB7E21C68B64400AA358C /* Resources */,
			);
			buildRules = (
			);
			dependencies = (
				CE7DB7E61C68B64400AA358C /* PBXTargetDependency */,
			);
			name = GridTests;
			productName = GridTests;
			productReference = CE7DB7E41C68B64400AA358C /* GridTests.xctest */;
			productType = "com.apple.product-type.bundle.unit-test";
		};
		CE7DB7EE1C68B64400AA358C /* GridUITests */ = {
			isa = PBXNativeTarget;
			buildConfigurationList = CE7DB7FE1C68B64400AA358C /* Build configuration list for PBXNativeTarget "GridUITests" */;
			buildPhases = (
				CE7DB7EB1C68B64400AA358C /* Sources */,
				CE7DB7EC1C68B64400AA358C /* Frameworks */,
				CE7DB7ED1C68B64400AA358C /* Resources */,
			);
			buildRules = (
			);
			dependencies = (
				CE7DB7F11C68B64400AA358C /* PBXTargetDependency */,
			);
			name = GridUITests;
			productName = GridUITests;
			productReference = CE7DB7EF1C68B64400AA358C /* GridUITests.xctest */;
			productType = "com.apple.product-type.bundle.ui-testing";
		};
/* End PBXNativeTarget section */

/* Begin PBXProject section */
		CE7DB7C41C68B64400AA358C /* Project object */ = {
			isa = PBXProject;
			attributes = {
				LastSwiftUpdateCheck = 0720;
				LastUpgradeCheck = 0720;
				ORGANIZATIONNAME = Nero;
				TargetAttributes = {
					CE7DB7CB1C68B64400AA358C = {
						CreatedOnToolsVersion = 7.2;
					};
					CE7DB7E31C68B64400AA358C = {
						CreatedOnToolsVersion = 7.2;
						TestTargetID = CE7DB7CB1C68B64400AA358C;
					};
					CE7DB7EE1C68B64400AA358C = {
						CreatedOnToolsVersion = 7.2;
						TestTargetID = CE7DB7CB1C68B64400AA358C;
					};
				};
			};
			buildConfigurationList = CE7DB7C71C68B64400AA358C /* Build configuration list for PBXProject "Grid" */;
			compatibilityVersion = "Xcode 3.2";
			developmentRegion = English;
			hasScannedForEncodings = 0;
			knownRegions = (
				en,
				Base,
			);
			mainGroup = CE7DB7C31C68B64400AA358C;
			productRefGroup = CE7DB7CD1C68B64400AA358C /* Products */;
			projectDirPath = "";
			projectRoot = "";
			targets = (
				CE7DB7CB1C68B64400AA358C /* Grid */,
				CE7DB7E31C68B64400AA358C /* GridTests */,
				CE7DB7EE1C68B64400AA358C /* GridUITests */,
			);
		};
/* End PBXProject section */

/* Begin PBXResourcesBuildPhase section */
		CE7DB7CA1C68B64400AA358C /* Resources */ = {
			isa = PBXResourcesBuildPhase;
			buildActionMask = 2147483647;
			files = (
				CE7DB7D21C68B64400AA358C /* GameScene.sks in Resources */,
				CE7DB7DE1C68B64400AA358C /* LaunchScreen.storyboard in Resources */,
				CE7DB7DB1C68B64400AA358C /* Assets.xcassets in Resources */,
				CE7DB7D91C68B64400AA358C /* Main.storyboard in Resources */,
				CE1B1E181C770964000FDE5E /* Level1.sks in Resources */,
			);
			runOnlyForDeploymentPostprocessing = 0;
		};
		CE7DB7E21C68B64400AA358C /* Resources */ = {
			isa = PBXResourcesBuildPhase;
			buildActionMask = 2147483647;
			files = (
			);
			runOnlyForDeploymentPostprocessing = 0;
		};
		CE7DB7ED1C68B64400AA358C /* Resources */ = {
			isa = PBXResourcesBuildPhase;
			buildActionMask = 2147483647;
			files = (
			);
			runOnlyForDeploymentPostprocessing = 0;
		};
/* End PBXResourcesBuildPhase section */

/* Begin PBXSourcesBuildPhase section */
		CE7DB7C81C68B64400AA358C /* Sources */ = {
			isa = PBXSourcesBuildPhase;
			buildActionMask = 2147483647;
			files = (
				CE7DB7D41C68B64400AA358C /* GameScene.swift in Sources */,
				CEDC061A1C7DC5E4000F9C52 /* RenderComponent.swift in Sources */,
				CE6576131C7A056700EA2348 /* TransferNode.swift in Sources */,
				CE66F6811C6B8E3900E08955 /* GridGraph.swift in Sources */,
				CE27767D1C90597900B5FA7F /* FreezableComponent.swift in Sources */,
				CE6643C41C81A14F00A6F0D4 /* PointLockedState.swift in Sources */,
				CE6643BF1C819E9500A6F0D4 /* IntelligenceComponent.swift in Sources */,
				CEDC061C1C7DC6C1000F9C52 /* PhysicsComponent.swift in Sources */,
				CEBB4D411C87080D00D2174E /* RestrictedRotationPoint.swift in Sources */,
				CE164FC91C7F32C0005BD8EB /* OrientationComponent.swift in Sources */,
				CE6C04921C699C2C0082068B /* ProtocolAndCommon.swift in Sources */,
				CE7DB80F1C68D74C00AA358C /* CGPoint+Extensions.swift in Sources */,
				CE7DB8181C68D74C00AA358C /* SKTTimingFunctions.swift in Sources */,
				CE66F67D1C6B83B200E08955 /* RodNode.swift in Sources */,
				CE6643C61C81A17300A6F0D4 /* PointUnlockedState.swift in Sources */,
				CE7DB8171C68D74C00AA358C /* SKTEffects.swift in Sources */,
				CEDC061F1C7DC9EF000F9C52 /* GameplayConfiguration.swift in Sources */,
				CEDC06211C7DCCFA000F9C52 /* ColliderType.swift in Sources */,
				CEDC06261C7DEC11000F9C52 /* RotationPoint.swift in Sources */,
				CE66F67F1C6B8E0700E08955 /* RotationPointNode.swift in Sources */,
				CE6643CA1C81FEC900A6F0D4 /* InputComponent.swift in Sources */,
				CE0C76F91C8C0EAE002CBF23 /* PointTranslatingState.swift in Sources */,
				CEDC06241C7DE4E7000F9C52 /* Rod.swift in Sources */,
				CE6643BD1C81889700A6F0D4 /* RelateComponent.swift in Sources */,
				CE2776811C9065CE00B5FA7F /* FreezableProtocol.swift in Sources */,
				CE66F68A1C6BA6DC00E08955 /* Rotating.swift in Sources */,
				CE7DB8131C68D74C00AA358C /* SKAction+SpecialEffects.swift in Sources */,
				CE12AE151C85D76D00E876FF /* StaticPoint.swift in Sources */,
				CE0C76F31C8BD4ED002CBF23 /* LevelSceneFailState.swift in Sources */,
				CE0C76F11C8BD4C3002CBF23 /* LevelSceneActiveState.swift in Sources */,
				CE7DB8101C68D74C00AA358C /* CGVector+Extensions.swift in Sources */,
				CE7DB8121C68D74C00AA358C /* SKAction+Extensions.swift in Sources */,
				CE7DB8141C68D74C00AA358C /* SKColor+Extensions.swift in Sources */,
				CE7DB7D61C68B64400AA358C /* GameViewController.swift in Sources */,
				CE12AE1B1C85D99B00E876FF /* BasePointEntity.swift in Sources */,
				CE7DB8111C68D74C00AA358C /* Int+Extensions.swift in Sources */,
				CE0C76F51C8BD54A002CBF23 /* LevelSceneSuccessState.swift in Sources */,
				CE66F6861C6BA4AF00E08955 /* Locked.swift in Sources */,
				CE0C76F71C8C0E5A002CBF23 /* TranslationPoint.swift in Sources */,
				CE7DB8151C68D74C00AA358C /* SKNode+Extensions.swift in Sources */,
				CE164FC71C7F2759005BD8EB /* MoveComponent.swift in Sources */,
				CE66F6881C6BA51F00E08955 /* Unlocked.swift in Sources */,
				CE1B1E151C76F244000FDE5E /* BallNode.swift in Sources */,
				CE12AE171C85D80600E876FF /* PointLockedForeverState.swift in Sources */,
				CEBB4D431C87094000D2174E /* RotatableRodCountComponent.swift in Sources */,
				CE1E9AF91C8E85580012F3F8 /* TransferComponent.swift in Sources */,
				CE6665B71C8349F90079F1C0 /* LevelScene.swift in Sources */,
				CE27767B1C9006E300B5FA7F /* ClockwiseRescritedRPoint.swift in Sources */,
				CE2776751C8FF68700B5FA7F /* ClockwiseComponent.swift in Sources */,
				CE27767F1C90625200B5FA7F /* IceBallNode.swift in Sources */,
				CE6643C11C81A05700A6F0D4 /* PointCheckingState.swift in Sources */,
				CE7DB8161C68D74C00AA358C /* SKTAudio.swift in Sources */,
				CE66F6841C6B975900E08955 /* Checking.swift in Sources */,
				CE8A0BCF1C80BC95000ABFEA /* DetectComponent.swift in Sources */,
				CE7DB80E1C68D74C00AA358C /* CGFloat+Extensions.swift in Sources */,
				CE7DB8191C68D74C00AA358C /* Vector3.swift in Sources */,
				CE6643C81C81A27700A6F0D4 /* PointRotatingState.swift in Sources */,
				CE2776771C8FFE7D00B5FA7F /* ClockwiseRotationPoint.swift in Sources */,
				CE637FF81C8EEEDF005FB30D /* Transfer.swift in Sources */,
				CE7DB7D01C68B64400AA358C /* AppDelegate.swift in Sources */,
			);
			runOnlyForDeploymentPostprocessing = 0;
		};
		CE7DB7E01C68B64400AA358C /* Sources */ = {
			isa = PBXSourcesBuildPhase;
			buildActionMask = 2147483647;
			files = (
				CE7DB7E91C68B64400AA358C /* GridTests.swift in Sources */,
			);
			runOnlyForDeploymentPostprocessing = 0;
		};
		CE7DB7EB1C68B64400AA358C /* Sources */ = {
			isa = PBXSourcesBuildPhase;
			buildActionMask = 2147483647;
			files = (
				CE7DB7F41C68B64400AA358C /* GridUITests.swift in Sources */,
			);
			runOnlyForDeploymentPostprocessing = 0;
		};
/* End PBXSourcesBuildPhase section */

/* Begin PBXTargetDependency section */
		CE7DB7E61C68B64400AA358C /* PBXTargetDependency */ = {
			isa = PBXTargetDependency;
			target = CE7DB7CB1C68B64400AA358C /* Grid */;
			targetProxy = CE7DB7E51C68B64400AA358C /* PBXContainerItemProxy */;
		};
		CE7DB7F11C68B64400AA358C /* PBXTargetDependency */ = {
			isa = PBXTargetDependency;
			target = CE7DB7CB1C68B64400AA358C /* Grid */;
			targetProxy = CE7DB7F01C68B64400AA358C /* PBXContainerItemProxy */;
		};
/* End PBXTargetDependency section */

/* Begin PBXVariantGroup section */
		CE7DB7D71C68B64400AA358C /* Main.storyboard */ = {
			isa = PBXVariantGroup;
			children = (
				CE7DB7D81C68B64400AA358C /* Base */,
			);
			name = Main.storyboard;
			sourceTree = "<group>";
		};
		CE7DB7DC1C68B64400AA358C /* LaunchScreen.storyboard */ = {
			isa = PBXVariantGroup;
			children = (
				CE7DB7DD1C68B64400AA358C /* Base */,
			);
			name = LaunchScreen.storyboard;
			sourceTree = "<group>";
		};
/* End PBXVariantGroup section */

/* Begin XCBuildConfiguration section */
		CE7DB7F61C68B64400AA358C /* Debug */ = {
			isa = XCBuildConfiguration;
			buildSettings = {
				ALWAYS_SEARCH_USER_PATHS = NO;
				CLANG_CXX_LANGUAGE_STANDARD = "gnu++0x";
				CLANG_CXX_LIBRARY = "libc++";
				CLANG_ENABLE_MODULES = YES;
				CLANG_ENABLE_OBJC_ARC = YES;
				CLANG_WARN_BOOL_CONVERSION = YES;
				CLANG_WARN_CONSTANT_CONVERSION = YES;
				CLANG_WARN_DIRECT_OBJC_ISA_USAGE = YES_ERROR;
				CLANG_WARN_EMPTY_BODY = YES;
				CLANG_WARN_ENUM_CONVERSION = YES;
				CLANG_WARN_INT_CONVERSION = YES;
				CLANG_WARN_OBJC_ROOT_CLASS = YES_ERROR;
				CLANG_WARN_UNREACHABLE_CODE = YES;
				CLANG_WARN__DUPLICATE_METHOD_MATCH = YES;
				"CODE_SIGN_IDENTITY[sdk=iphoneos*]" = "iPhone Developer";
				COPY_PHASE_STRIP = NO;
				DEBUG_INFORMATION_FORMAT = "dwarf-with-dsym";
				ENABLE_STRICT_OBJC_MSGSEND = YES;
				ENABLE_TESTABILITY = YES;
				GCC_C_LANGUAGE_STANDARD = gnu99;
				GCC_DYNAMIC_NO_PIC = NO;
				GCC_NO_COMMON_BLOCKS = YES;
				GCC_OPTIMIZATION_LEVEL = 0;
				GCC_PREPROCESSOR_DEFINITIONS = (
					"DEBUG=1",
					"$(inherited)",
				);
				GCC_WARN_64_TO_32_BIT_CONVERSION = YES;
				GCC_WARN_ABOUT_RETURN_TYPE = YES_ERROR;
				GCC_WARN_UNDECLARED_SELECTOR = YES;
				GCC_WARN_UNINITIALIZED_AUTOS = YES_AGGRESSIVE;
				GCC_WARN_UNUSED_FUNCTION = YES;
				GCC_WARN_UNUSED_VARIABLE = YES;
				IPHONEOS_DEPLOYMENT_TARGET = 9.2;
				MTL_ENABLE_DEBUG_INFO = YES;
				ONLY_ACTIVE_ARCH = YES;
				SDKROOT = iphoneos;
				SWIFT_OPTIMIZATION_LEVEL = "-Onone";
				TARGETED_DEVICE_FAMILY = "1,2";
			};
			name = Debug;
		};
		CE7DB7F71C68B64400AA358C /* Release */ = {
			isa = XCBuildConfiguration;
			buildSettings = {
				ALWAYS_SEARCH_USER_PATHS = NO;
				CLANG_CXX_LANGUAGE_STANDARD = "gnu++0x";
				CLANG_CXX_LIBRARY = "libc++";
				CLANG_ENABLE_MODULES = YES;
				CLANG_ENABLE_OBJC_ARC = YES;
				CLANG_WARN_BOOL_CONVERSION = YES;
				CLANG_WARN_CONSTANT_CONVERSION = YES;
				CLANG_WARN_DIRECT_OBJC_ISA_USAGE = YES_ERROR;
				CLANG_WARN_EMPTY_BODY = YES;
				CLANG_WARN_ENUM_CONVERSION = YES;
				CLANG_WARN_INT_CONVERSION = YES;
				CLANG_WARN_OBJC_ROOT_CLASS = YES_ERROR;
				CLANG_WARN_UNREACHABLE_CODE = YES;
				CLANG_WARN__DUPLICATE_METHOD_MATCH = YES;
				"CODE_SIGN_IDENTITY[sdk=iphoneos*]" = "iPhone Developer";
				COPY_PHASE_STRIP = NO;
				DEBUG_INFORMATION_FORMAT = "dwarf-with-dsym";
				ENABLE_NS_ASSERTIONS = NO;
				ENABLE_STRICT_OBJC_MSGSEND = YES;
				GCC_C_LANGUAGE_STANDARD = gnu99;
				GCC_NO_COMMON_BLOCKS = YES;
				GCC_WARN_64_TO_32_BIT_CONVERSION = YES;
				GCC_WARN_ABOUT_RETURN_TYPE = YES_ERROR;
				GCC_WARN_UNDECLARED_SELECTOR = YES;
				GCC_WARN_UNINITIALIZED_AUTOS = YES_AGGRESSIVE;
				GCC_WARN_UNUSED_FUNCTION = YES;
				GCC_WARN_UNUSED_VARIABLE = YES;
				IPHONEOS_DEPLOYMENT_TARGET = 9.2;
				MTL_ENABLE_DEBUG_INFO = NO;
				SDKROOT = iphoneos;
				TARGETED_DEVICE_FAMILY = "1,2";
				VALIDATE_PRODUCT = YES;
			};
			name = Release;
		};
		CE7DB7F91C68B64400AA358C /* Debug */ = {
			isa = XCBuildConfiguration;
			buildSettings = {
				ASSETCATALOG_COMPILER_APPICON_NAME = AppIcon;
				INFOPLIST_FILE = Grid/Info.plist;
				LD_RUNPATH_SEARCH_PATHS = "$(inherited) @executable_path/Frameworks";
				PRODUCT_BUNDLE_IDENTIFIER = com.nero.GridComponent;
				PRODUCT_NAME = "$(TARGET_NAME)";
			};
			name = Debug;
		};
		CE7DB7FA1C68B64400AA358C /* Release */ = {
			isa = XCBuildConfiguration;
			buildSettings = {
				ASSETCATALOG_COMPILER_APPICON_NAME = AppIcon;
				INFOPLIST_FILE = Grid/Info.plist;
				LD_RUNPATH_SEARCH_PATHS = "$(inherited) @executable_path/Frameworks";
				PRODUCT_BUNDLE_IDENTIFIER = com.nero.GridComponent;
				PRODUCT_NAME = "$(TARGET_NAME)";
			};
			name = Release;
		};
		CE7DB7FC1C68B64400AA358C /* Debug */ = {
			isa = XCBuildConfiguration;
			buildSettings = {
				BUNDLE_LOADER = "$(TEST_HOST)";
				DEBUG_INFORMATION_FORMAT = dwarf;
				INFOPLIST_FILE = GridTests/Info.plist;
				LD_RUNPATH_SEARCH_PATHS = "$(inherited) @executable_path/Frameworks @loader_path/Frameworks";
				PRODUCT_BUNDLE_IDENTIFIER = com.nero.GridTests;
				PRODUCT_NAME = "$(TARGET_NAME)";
				TEST_HOST = "$(BUILT_PRODUCTS_DIR)/Grid.app/Grid";
			};
			name = Debug;
		};
		CE7DB7FD1C68B64400AA358C /* Release */ = {
			isa = XCBuildConfiguration;
			buildSettings = {
				BUNDLE_LOADER = "$(TEST_HOST)";
				INFOPLIST_FILE = GridTests/Info.plist;
				LD_RUNPATH_SEARCH_PATHS = "$(inherited) @executable_path/Frameworks @loader_path/Frameworks";
				PRODUCT_BUNDLE_IDENTIFIER = com.nero.GridTests;
				PRODUCT_NAME = "$(TARGET_NAME)";
				TEST_HOST = "$(BUILT_PRODUCTS_DIR)/Grid.app/Grid";
			};
			name = Release;
		};
		CE7DB7FF1C68B64400AA358C /* Debug */ = {
			isa = XCBuildConfiguration;
			buildSettings = {
				DEBUG_INFORMATION_FORMAT = dwarf;
				INFOPLIST_FILE = GridUITests/Info.plist;
				LD_RUNPATH_SEARCH_PATHS = "$(inherited) @executable_path/Frameworks @loader_path/Frameworks";
				PRODUCT_BUNDLE_IDENTIFIER = com.nero.GridUITests;
				PRODUCT_NAME = "$(TARGET_NAME)";
				TEST_TARGET_NAME = Grid;
				USES_XCTRUNNER = YES;
			};
			name = Debug;
		};
		CE7DB8001C68B64400AA358C /* Release */ = {
			isa = XCBuildConfiguration;
			buildSettings = {
				INFOPLIST_FILE = GridUITests/Info.plist;
				LD_RUNPATH_SEARCH_PATHS = "$(inherited) @executable_path/Frameworks @loader_path/Frameworks";
				PRODUCT_BUNDLE_IDENTIFIER = com.nero.GridUITests;
				PRODUCT_NAME = "$(TARGET_NAME)";
				TEST_TARGET_NAME = Grid;
				USES_XCTRUNNER = YES;
			};
			name = Release;
		};
/* End XCBuildConfiguration section */

/* Begin XCConfigurationList section */
		CE7DB7C71C68B64400AA358C /* Build configuration list for PBXProject "Grid" */ = {
			isa = XCConfigurationList;
			buildConfigurations = (
				CE7DB7F61C68B64400AA358C /* Debug */,
				CE7DB7F71C68B64400AA358C /* Release */,
			);
			defaultConfigurationIsVisible = 0;
			defaultConfigurationName = Release;
		};
		CE7DB7F81C68B64400AA358C /* Build configuration list for PBXNativeTarget "Grid" */ = {
			isa = XCConfigurationList;
			buildConfigurations = (
				CE7DB7F91C68B64400AA358C /* Debug */,
				CE7DB7FA1C68B64400AA358C /* Release */,
			);
			defaultConfigurationIsVisible = 0;
			defaultConfigurationName = Release;
		};
		CE7DB7FB1C68B64400AA358C /* Build configuration list for PBXNativeTarget "GridTests" */ = {
			isa = XCConfigurationList;
			buildConfigurations = (
				CE7DB7FC1C68B64400AA358C /* Debug */,
				CE7DB7FD1C68B64400AA358C /* Release */,
			);
			defaultConfigurationIsVisible = 0;
			defaultConfigurationName = Release;
		};
		CE7DB7FE1C68B64400AA358C /* Build configuration list for PBXNativeTarget "GridUITests" */ = {
			isa = XCConfigurationList;
			buildConfigurations = (
				CE7DB7FF1C68B64400AA358C /* Debug */,
				CE7DB8001C68B64400AA358C /* Release */,
			);
			defaultConfigurationIsVisible = 0;
			defaultConfigurationName = Release;
		};
/* End XCConfigurationList section */
	};
	rootObject = CE7DB7C41C68B64400AA358C /* Project object */;
}
